
Microsoft Visual Studio Solution File, Format Version 12.00
# Visual Studio 15
VisualStudioVersion = 15.0.27130.2026
MinimumVisualStudioVersion = 10.0.40219.1
Project("{FAE04EC0-301F-11D3-BF4B-00C04F79EFBC}") = "DefineAnInterfaceIPerson", "DefineAnInterfaceIPerson\DefineAnInterfaceIPerson.csproj", "{99556F41-827F-49AA-A157-7C5AFD0A252F}"
EndProject
Project("{FAE04EC0-301F-11D3-BF4B-00C04F79EFBC}") = "Ferrari", "Ferrari\Ferrari.csproj", "{6A5A902C-CC1D-44DF-9337-3FE713AD7C8F}"
EndProject
Project("{FAE04EC0-301F-11D3-BF4B-00C04F79EFBC}") = "Telephony", "Telephony\Telephony.csproj", "{3C14DAA1-90A7-42EF-8681-070A0859DF45}"
EndProject
Global
	GlobalSection(SolutionConfigurationPlatforms) = preSolution
		Debug|Any CPU = Debug|Any CPU
		Release|Any CPU = Release|Any CPU
	EndGlobalSection
	GlobalSection(ProjectConfigurationPlatforms) = postSolution
		{99556F41-827F-49AA-A157-7C5AFD0A252F}.Debug|Any CPU.ActiveCfg = Debug|Any CPU
		{99556F41-827F-49AA-A157-7C5AFD0A252F}.Debug|Any CPU.Build.0 = Debug|Any CPU
		{99556F41-827F-49AA-A157-7C5AFD0A252F}.Release|Any CPU.ActiveCfg = Release|Any CPU
		{99556F41-827F-49AA-A157-7C5AFD0A252F}.Release|Any CPU.Build.0 = Release|Any CPU
		{6A5A902C-CC1D-44DF-9337-3FE713AD7C8F}.Debug|Any CPU.ActiveCfg = Debug|Any CPU
		{6A5A902C-CC1D-44DF-9337-3FE713AD7C8F}.Debug|Any CPU.Build.0 = Debug|Any CPU
		{6A5A902C-CC1D-44DF-9337-3FE713AD7C8F}.Release|Any CPU.ActiveCfg = Release|Any CPU
		{6A5A902C-CC1D-44DF-9337-3FE713AD7C8F}.Release|Any CPU.Build.0 = Release|Any CPU
		{3C14DAA1-90A7-42EF-8681-070A0859DF45}.Debug|Any CPU.ActiveCfg = Debug|Any CPU
		{3C14DAA1-90A7-42EF-8681-070A0859DF45}.Debug|Any CPU.Build.0 = Debug|Any CPU
		{3C14DAA1-90A7-42EF-8681-070A0859DF45}.Release|Any CPU.ActiveCfg = Release|Any CPU
		{3C14DAA1-90A7-42EF-8681-070A0859DF45}.Release|Any CPU.Build.0 = Release|Any CPU
	EndGlobalSection
	GlobalSection(SolutionProperties) = preSolution
		HideSolutionNode = FALSE
	EndGlobalSection
	GlobalSection(ExtensibilityGlobals) = postSolution
		SolutionGuid = {A3C94F18-DCDA-419B-85FB-DA392F9CA2F9}
	EndGlobalSection
EndGlobal
