
Microsoft Visual Studio Solution File, Format Version 12.00
# Visual Studio 15
VisualStudioVersion = 15.0.27130.2026
MinimumVisualStudioVersion = 10.0.40219.1
Project("{FAE04EC0-301F-11D3-BF4B-00C04F79EFBC}") = "SystemSplit", "SystemSplit\SystemSplit.csproj", "{BCE63D9B-E7DD-4B7E-96E1-DDF60B25C40A}"
EndProject
Global
	GlobalSection(SolutionConfigurationPlatforms) = preSolution
		Debug|Any CPU = Debug|Any CPU
		Release|Any CPU = Release|Any CPU
	EndGlobalSection
	GlobalSection(ProjectConfigurationPlatforms) = postSolution
		{BCE63D9B-E7DD-4B7E-96E1-DDF60B25C40A}.Debug|Any CPU.ActiveCfg = Debug|Any CPU
		{BCE63D9B-E7DD-4B7E-96E1-DDF60B25C40A}.Debug|Any CPU.Build.0 = Debug|Any CPU
		{BCE63D9B-E7DD-4B7E-96E1-DDF60B25C40A}.Release|Any CPU.ActiveCfg = Release|Any CPU
		{BCE63D9B-E7DD-4B7E-96E1-DDF60B25C40A}.Release|Any CPU.Build.0 = Release|Any CPU
	EndGlobalSection
	GlobalSection(SolutionProperties) = preSolution
		HideSolutionNode = FALSE
	EndGlobalSection
	GlobalSection(ExtensibilityGlobals) = postSolution
		SolutionGuid = {A40F960B-B802-439C-B2A0-9854B292EA89}
	EndGlobalSection
EndGlobal
