
Microsoft Visual Studio Solution File, Format Version 12.00
# Visual Studio 15
VisualStudioVersion = 15.0.27703.2047
MinimumVisualStudioVersion = 10.0.40219.1
Project("{9A19103F-16F7-4668-BE54-9A1E7A4F7556}") = "SIS.HTTP", "SIS.HTTP\SIS.HTTP.csproj", "{3DECECF1-F30E-4BA3-ACF6-D8F5FD91ECF4}"
EndProject
Project("{9A19103F-16F7-4668-BE54-9A1E7A4F7556}") = "SIS.WebServer", "SIS.WebServer\SIS.WebServer.csproj", "{A7911D0A-ECA5-4D53-94B2-B10F303EA9E7}"
EndProject
Project("{FAE04EC0-301F-11D3-BF4B-00C04F79EFBC}") = "SIS.Demo", "SIS.Demo\SIS.Demo.csproj", "{13B454FB-789D-44CF-A943-0E1353FC12CA}"
EndProject
Global
	GlobalSection(SolutionConfigurationPlatforms) = preSolution
		Debug|Any CPU = Debug|Any CPU
		Release|Any CPU = Release|Any CPU
	EndGlobalSection
	GlobalSection(ProjectConfigurationPlatforms) = postSolution
		{3DECECF1-F30E-4BA3-ACF6-D8F5FD91ECF4}.Debug|Any CPU.ActiveCfg = Debug|Any CPU
		{3DECECF1-F30E-4BA3-ACF6-D8F5FD91ECF4}.Debug|Any CPU.Build.0 = Debug|Any CPU
		{3DECECF1-F30E-4BA3-ACF6-D8F5FD91ECF4}.Release|Any CPU.ActiveCfg = Release|Any CPU
		{3DECECF1-F30E-4BA3-ACF6-D8F5FD91ECF4}.Release|Any CPU.Build.0 = Release|Any CPU
		{A7911D0A-ECA5-4D53-94B2-B10F303EA9E7}.Debug|Any CPU.ActiveCfg = Debug|Any CPU
		{A7911D0A-ECA5-4D53-94B2-B10F303EA9E7}.Debug|Any CPU.Build.0 = Debug|Any CPU
		{A7911D0A-ECA5-4D53-94B2-B10F303EA9E7}.Release|Any CPU.ActiveCfg = Release|Any CPU
		{A7911D0A-ECA5-4D53-94B2-B10F303EA9E7}.Release|Any CPU.Build.0 = Release|Any CPU
		{13B454FB-789D-44CF-A943-0E1353FC12CA}.Debug|Any CPU.ActiveCfg = Debug|Any CPU
		{13B454FB-789D-44CF-A943-0E1353FC12CA}.Debug|Any CPU.Build.0 = Debug|Any CPU
		{13B454FB-789D-44CF-A943-0E1353FC12CA}.Release|Any CPU.ActiveCfg = Release|Any CPU
		{13B454FB-789D-44CF-A943-0E1353FC12CA}.Release|Any CPU.Build.0 = Release|Any CPU
	EndGlobalSection
	GlobalSection(SolutionProperties) = preSolution
		HideSolutionNode = FALSE
	EndGlobalSection
	GlobalSection(ExtensibilityGlobals) = postSolution
		SolutionGuid = {828F65E2-679D-4716-96CA-78C069A2B4C1}
	EndGlobalSection
EndGlobal
