
Microsoft Visual Studio Solution File, Format Version 12.00
# Visual Studio 15
VisualStudioVersion = 15.0.26730.16
MinimumVisualStudioVersion = 10.0.40219.1
Project("{FAE04EC0-301F-11D3-BF4B-00C04F79EFBC}") = "01. Practice Integers", "01. Practice Integers\01. Practice Integers.csproj", "{3C0C03BE-276F-421D-83DB-86697CF37C87}"
EndProject
Project("{FAE04EC0-301F-11D3-BF4B-00C04F79EFBC}") = "02. Practice Floating Points", "02. Practice Floating Points\02. Practice Floating Points.csproj", "{CD479C1F-0C9F-4BB8-92F9-F2CEE14E0973}"
EndProject
Project("{FAE04EC0-301F-11D3-BF4B-00C04F79EFBC}") = "03. Practice Chars And Strings", "03. Practice Chars And Strings\03. Practice Chars And Strings.csproj", "{A33A5BD5-7B93-406D-9C1D-447B5E1E1695}"
EndProject
Project("{FAE04EC0-301F-11D3-BF4B-00C04F79EFBC}") = "04. Variable in Hex Format", "04. Variable in Hex Format\04. Variable in Hex Format.csproj", "{41E85052-2ABA-42B0-9548-E4A4B1397E8A}"
EndProject
Project("{FAE04EC0-301F-11D3-BF4B-00C04F79EFBC}") = "05. Boolean Variable", "05. Boolean Variable\05. Boolean Variable.csproj", "{1A432327-8800-4944-84F1-2EB2E76D8BCD}"
EndProject
Project("{FAE04EC0-301F-11D3-BF4B-00C04F79EFBC}") = "06. Strings And Objects", "06. Strings And Objects\06. Strings And Objects.csproj", "{9BA72640-601C-4242-9E6E-E2B9EEA1F0E9}"
EndProject
Project("{FAE04EC0-301F-11D3-BF4B-00C04F79EFBC}") = "07. Exchange Variable Values", "07. Exchange Variable Values\07. Exchange Variable Values.csproj", "{A9E68D45-63D6-44E1-A283-6D4992FCA6F8}"
EndProject
Project("{FAE04EC0-301F-11D3-BF4B-00C04F79EFBC}") = "08. Employee Data", "08. Employee Data\08. Employee Data.csproj", "{7B080388-8988-4B77-A8B9-5DCFF57CCBE1}"
EndProject
Project("{FAE04EC0-301F-11D3-BF4B-00C04F79EFBC}") = "09. Reversed chars", "09. Reversed chars\09. Reversed chars.csproj", "{922880AD-99AD-4936-B692-7C61E1472184}"
EndProject
Project("{FAE04EC0-301F-11D3-BF4B-00C04F79EFBC}") = "10. Centuries to Nanoseconds", "10. Centuries to Nanoseconds\10. Centuries to Nanoseconds.csproj", "{FC8F0EA1-7C67-4F71-A5C0-DF258309ED7A}"
EndProject
Project("{FAE04EC0-301F-11D3-BF4B-00C04F79EFBC}") = "11. Convert Speed Units", "11. Convert Speed Units\11. Convert Speed Units.csproj", "{5DF25662-5836-4D27-8E0E-F559501B6C5C}"
EndProject
Project("{FAE04EC0-301F-11D3-BF4B-00C04F79EFBC}") = "12. Rectangle Properties", "12. Rectangle Properties\12. Rectangle Properties.csproj", "{B2AB767F-7428-465D-ADEE-41D44D8CE6FC}"
EndProject
Project("{FAE04EC0-301F-11D3-BF4B-00C04F79EFBC}") = "VowelOrDigit", "13. Vowel or Digit\VowelOrDigit.csproj", "{FBEA596A-DEBD-45E6-A608-E85E6B2AA06E}"
EndProject
Project("{FAE04EC0-301F-11D3-BF4B-00C04F79EFBC}") = "14. Integer to Hex and Binary", "14. Integer to Hex and Binary\14. Integer to Hex and Binary.csproj", "{4764B2EB-E6F1-4EDC-8B5F-3837126ECB60}"
EndProject
Project("{FAE04EC0-301F-11D3-BF4B-00C04F79EFBC}") = "15. Fast Prime Checker", "15. Fast Prime Checker\15. Fast Prime Checker.csproj", "{62EAD754-1BF6-4BD6-83D6-3FF8471C860E}"
EndProject
Project("{FAE04EC0-301F-11D3-BF4B-00C04F79EFBC}") = "16. Comparing floats", "16. Comparing floats\16. Comparing floats.csproj", "{8AC97F20-CC09-435E-9860-D699241A145E}"
EndProject
Project("{FAE04EC0-301F-11D3-BF4B-00C04F79EFBC}") = "17. Print Part of the ASCII Table", "18. Print Part of the ASCII Table\17. Print Part of the ASCII Table.csproj", "{F594A71C-E165-4A4E-A0C4-81208931A3C2}"
EndProject
Project("{FAE04EC0-301F-11D3-BF4B-00C04F79EFBC}") = "18. Different Integers Size", "18. Different Integers Size\18. Different Integers Size.csproj", "{D7A308E6-7108-44C4-9419-B0609B35AAB0}"
EndProject
Project("{FAE04EC0-301F-11D3-BF4B-00C04F79EFBC}") = "19. Thea The Photographer", "19. Thea The Photographer\19. Thea The Photographer.csproj", "{78492042-5551-40D3-843E-427CBE091690}"
EndProject
Global
	GlobalSection(SolutionConfigurationPlatforms) = preSolution
		Debug|Any CPU = Debug|Any CPU
		Release|Any CPU = Release|Any CPU
	EndGlobalSection
	GlobalSection(ProjectConfigurationPlatforms) = postSolution
		{3C0C03BE-276F-421D-83DB-86697CF37C87}.Debug|Any CPU.ActiveCfg = Debug|Any CPU
		{3C0C03BE-276F-421D-83DB-86697CF37C87}.Debug|Any CPU.Build.0 = Debug|Any CPU
		{3C0C03BE-276F-421D-83DB-86697CF37C87}.Release|Any CPU.ActiveCfg = Release|Any CPU
		{3C0C03BE-276F-421D-83DB-86697CF37C87}.Release|Any CPU.Build.0 = Release|Any CPU
		{CD479C1F-0C9F-4BB8-92F9-F2CEE14E0973}.Debug|Any CPU.ActiveCfg = Debug|Any CPU
		{CD479C1F-0C9F-4BB8-92F9-F2CEE14E0973}.Debug|Any CPU.Build.0 = Debug|Any CPU
		{CD479C1F-0C9F-4BB8-92F9-F2CEE14E0973}.Release|Any CPU.ActiveCfg = Release|Any CPU
		{CD479C1F-0C9F-4BB8-92F9-F2CEE14E0973}.Release|Any CPU.Build.0 = Release|Any CPU
		{A33A5BD5-7B93-406D-9C1D-447B5E1E1695}.Debug|Any CPU.ActiveCfg = Debug|Any CPU
		{A33A5BD5-7B93-406D-9C1D-447B5E1E1695}.Debug|Any CPU.Build.0 = Debug|Any CPU
		{A33A5BD5-7B93-406D-9C1D-447B5E1E1695}.Release|Any CPU.ActiveCfg = Release|Any CPU
		{A33A5BD5-7B93-406D-9C1D-447B5E1E1695}.Release|Any CPU.Build.0 = Release|Any CPU
		{41E85052-2ABA-42B0-9548-E4A4B1397E8A}.Debug|Any CPU.ActiveCfg = Debug|Any CPU
		{41E85052-2ABA-42B0-9548-E4A4B1397E8A}.Debug|Any CPU.Build.0 = Debug|Any CPU
		{41E85052-2ABA-42B0-9548-E4A4B1397E8A}.Release|Any CPU.ActiveCfg = Release|Any CPU
		{41E85052-2ABA-42B0-9548-E4A4B1397E8A}.Release|Any CPU.Build.0 = Release|Any CPU
		{1A432327-8800-4944-84F1-2EB2E76D8BCD}.Debug|Any CPU.ActiveCfg = Debug|Any CPU
		{1A432327-8800-4944-84F1-2EB2E76D8BCD}.Debug|Any CPU.Build.0 = Debug|Any CPU
		{1A432327-8800-4944-84F1-2EB2E76D8BCD}.Release|Any CPU.ActiveCfg = Release|Any CPU
		{1A432327-8800-4944-84F1-2EB2E76D8BCD}.Release|Any CPU.Build.0 = Release|Any CPU
		{9BA72640-601C-4242-9E6E-E2B9EEA1F0E9}.Debug|Any CPU.ActiveCfg = Debug|Any CPU
		{9BA72640-601C-4242-9E6E-E2B9EEA1F0E9}.Debug|Any CPU.Build.0 = Debug|Any CPU
		{9BA72640-601C-4242-9E6E-E2B9EEA1F0E9}.Release|Any CPU.ActiveCfg = Release|Any CPU
		{9BA72640-601C-4242-9E6E-E2B9EEA1F0E9}.Release|Any CPU.Build.0 = Release|Any CPU
		{A9E68D45-63D6-44E1-A283-6D4992FCA6F8}.Debug|Any CPU.ActiveCfg = Debug|Any CPU
		{A9E68D45-63D6-44E1-A283-6D4992FCA6F8}.Debug|Any CPU.Build.0 = Debug|Any CPU
		{A9E68D45-63D6-44E1-A283-6D4992FCA6F8}.Release|Any CPU.ActiveCfg = Release|Any CPU
		{A9E68D45-63D6-44E1-A283-6D4992FCA6F8}.Release|Any CPU.Build.0 = Release|Any CPU
		{7B080388-8988-4B77-A8B9-5DCFF57CCBE1}.Debug|Any CPU.ActiveCfg = Debug|Any CPU
		{7B080388-8988-4B77-A8B9-5DCFF57CCBE1}.Debug|Any CPU.Build.0 = Debug|Any CPU
		{7B080388-8988-4B77-A8B9-5DCFF57CCBE1}.Release|Any CPU.ActiveCfg = Release|Any CPU
		{7B080388-8988-4B77-A8B9-5DCFF57CCBE1}.Release|Any CPU.Build.0 = Release|Any CPU
		{922880AD-99AD-4936-B692-7C61E1472184}.Debug|Any CPU.ActiveCfg = Debug|Any CPU
		{922880AD-99AD-4936-B692-7C61E1472184}.Debug|Any CPU.Build.0 = Debug|Any CPU
		{922880AD-99AD-4936-B692-7C61E1472184}.Release|Any CPU.ActiveCfg = Release|Any CPU
		{922880AD-99AD-4936-B692-7C61E1472184}.Release|Any CPU.Build.0 = Release|Any CPU
		{FC8F0EA1-7C67-4F71-A5C0-DF258309ED7A}.Debug|Any CPU.ActiveCfg = Debug|Any CPU
		{FC8F0EA1-7C67-4F71-A5C0-DF258309ED7A}.Debug|Any CPU.Build.0 = Debug|Any CPU
		{FC8F0EA1-7C67-4F71-A5C0-DF258309ED7A}.Release|Any CPU.ActiveCfg = Release|Any CPU
		{FC8F0EA1-7C67-4F71-A5C0-DF258309ED7A}.Release|Any CPU.Build.0 = Release|Any CPU
		{5DF25662-5836-4D27-8E0E-F559501B6C5C}.Debug|Any CPU.ActiveCfg = Debug|Any CPU
		{5DF25662-5836-4D27-8E0E-F559501B6C5C}.Debug|Any CPU.Build.0 = Debug|Any CPU
		{5DF25662-5836-4D27-8E0E-F559501B6C5C}.Release|Any CPU.ActiveCfg = Release|Any CPU
		{5DF25662-5836-4D27-8E0E-F559501B6C5C}.Release|Any CPU.Build.0 = Release|Any CPU
		{B2AB767F-7428-465D-ADEE-41D44D8CE6FC}.Debug|Any CPU.ActiveCfg = Debug|Any CPU
		{B2AB767F-7428-465D-ADEE-41D44D8CE6FC}.Debug|Any CPU.Build.0 = Debug|Any CPU
		{B2AB767F-7428-465D-ADEE-41D44D8CE6FC}.Release|Any CPU.ActiveCfg = Release|Any CPU
		{B2AB767F-7428-465D-ADEE-41D44D8CE6FC}.Release|Any CPU.Build.0 = Release|Any CPU
		{FBEA596A-DEBD-45E6-A608-E85E6B2AA06E}.Debug|Any CPU.ActiveCfg = Debug|Any CPU
		{FBEA596A-DEBD-45E6-A608-E85E6B2AA06E}.Debug|Any CPU.Build.0 = Debug|Any CPU
		{FBEA596A-DEBD-45E6-A608-E85E6B2AA06E}.Release|Any CPU.ActiveCfg = Release|Any CPU
		{FBEA596A-DEBD-45E6-A608-E85E6B2AA06E}.Release|Any CPU.Build.0 = Release|Any CPU
		{4764B2EB-E6F1-4EDC-8B5F-3837126ECB60}.Debug|Any CPU.ActiveCfg = Debug|Any CPU
		{4764B2EB-E6F1-4EDC-8B5F-3837126ECB60}.Debug|Any CPU.Build.0 = Debug|Any CPU
		{4764B2EB-E6F1-4EDC-8B5F-3837126ECB60}.Release|Any CPU.ActiveCfg = Release|Any CPU
		{4764B2EB-E6F1-4EDC-8B5F-3837126ECB60}.Release|Any CPU.Build.0 = Release|Any CPU
		{62EAD754-1BF6-4BD6-83D6-3FF8471C860E}.Debug|Any CPU.ActiveCfg = Debug|Any CPU
		{62EAD754-1BF6-4BD6-83D6-3FF8471C860E}.Debug|Any CPU.Build.0 = Debug|Any CPU
		{62EAD754-1BF6-4BD6-83D6-3FF8471C860E}.Release|Any CPU.ActiveCfg = Release|Any CPU
		{62EAD754-1BF6-4BD6-83D6-3FF8471C860E}.Release|Any CPU.Build.0 = Release|Any CPU
		{8AC97F20-CC09-435E-9860-D699241A145E}.Debug|Any CPU.ActiveCfg = Debug|Any CPU
		{8AC97F20-CC09-435E-9860-D699241A145E}.Debug|Any CPU.Build.0 = Debug|Any CPU
		{8AC97F20-CC09-435E-9860-D699241A145E}.Release|Any CPU.ActiveCfg = Release|Any CPU
		{8AC97F20-CC09-435E-9860-D699241A145E}.Release|Any CPU.Build.0 = Release|Any CPU
		{F594A71C-E165-4A4E-A0C4-81208931A3C2}.Debug|Any CPU.ActiveCfg = Debug|Any CPU
		{F594A71C-E165-4A4E-A0C4-81208931A3C2}.Debug|Any CPU.Build.0 = Debug|Any CPU
		{F594A71C-E165-4A4E-A0C4-81208931A3C2}.Release|Any CPU.ActiveCfg = Release|Any CPU
		{F594A71C-E165-4A4E-A0C4-81208931A3C2}.Release|Any CPU.Build.0 = Release|Any CPU
		{D7A308E6-7108-44C4-9419-B0609B35AAB0}.Debug|Any CPU.ActiveCfg = Debug|Any CPU
		{D7A308E6-7108-44C4-9419-B0609B35AAB0}.Debug|Any CPU.Build.0 = Debug|Any CPU
		{D7A308E6-7108-44C4-9419-B0609B35AAB0}.Release|Any CPU.ActiveCfg = Release|Any CPU
		{D7A308E6-7108-44C4-9419-B0609B35AAB0}.Release|Any CPU.Build.0 = Release|Any CPU
		{78492042-5551-40D3-843E-427CBE091690}.Debug|Any CPU.ActiveCfg = Debug|Any CPU
		{78492042-5551-40D3-843E-427CBE091690}.Debug|Any CPU.Build.0 = Debug|Any CPU
		{78492042-5551-40D3-843E-427CBE091690}.Release|Any CPU.ActiveCfg = Release|Any CPU
		{78492042-5551-40D3-843E-427CBE091690}.Release|Any CPU.Build.0 = Release|Any CPU
	EndGlobalSection
	GlobalSection(SolutionProperties) = preSolution
		HideSolutionNode = FALSE
	EndGlobalSection
	GlobalSection(ExtensibilityGlobals) = postSolution
		SolutionGuid = {38BFBD82-32AA-4494-BB85-28C268B5BFC5}
	EndGlobalSection
EndGlobal
