
Microsoft Visual Studio Solution File, Format Version 12.00
# Visual Studio 15
VisualStudioVersion = 15.0.27004.2002
MinimumVisualStudioVersion = 10.0.40219.1
Project("{FAE04EC0-301F-11D3-BF4B-00C04F79EFBC}") = "OrderByAge", "OrderByAge\OrderByAge.csproj", "{83197619-D8A5-450B-A5FD-18064870E7A3}"
EndProject
Project("{FAE04EC0-301F-11D3-BF4B-00C04F79EFBC}") = "VehicleCatalogue", "VehicleCatalogue\VehicleCatalogue.csproj", "{56AC8146-3802-4E5E-B68C-714B856C7553}"
EndProject
Project("{FAE04EC0-301F-11D3-BF4B-00C04F79EFBC}") = "Jarvis", "Jarvis\Jarvis.csproj", "{2B0AE91A-CF9A-4066-B767-30A12790046C}"
EndProject
Project("{FAE04EC0-301F-11D3-BF4B-00C04F79EFBC}") = "PunctuationFinder", "PunctuationFinder\PunctuationFinder.csproj", "{F2353599-CF9E-45A4-9C30-97FF9FCAAEF1}"
EndProject
Project("{FAE04EC0-301F-11D3-BF4B-00C04F79EFBC}") = "WriteToFile", "WriteToFile\WriteToFile.csproj", "{6E610FE8-B204-4CD7-B5A4-676E34AF79AB}"
EndProject
Project("{FAE04EC0-301F-11D3-BF4B-00C04F79EFBC}") = "EXCELlentKnowledge", "EXCELlentKnowledge\EXCELlentKnowledge.csproj", "{2FF89DDE-F855-4EA9-B257-DDE7510DCC12}"
EndProject
Project("{FAE04EC0-301F-11D3-BF4B-00C04F79EFBC}") = "PlayCatch", "PlayCatch\PlayCatch.csproj", "{9886A5FF-1EE4-44F5-91DB-06A33A0A3B09}"
EndProject
Project("{FAE04EC0-301F-11D3-BF4B-00C04F79EFBC}") = "PersonalException", "PersonalException\PersonalException.csproj", "{4D5A1A09-86F9-4147-BE18-6B4F77EDC51F}"
EndProject
Global
	GlobalSection(SolutionConfigurationPlatforms) = preSolution
		Debug|Any CPU = Debug|Any CPU
		Release|Any CPU = Release|Any CPU
	EndGlobalSection
	GlobalSection(ProjectConfigurationPlatforms) = postSolution
		{83197619-D8A5-450B-A5FD-18064870E7A3}.Debug|Any CPU.ActiveCfg = Debug|Any CPU
		{83197619-D8A5-450B-A5FD-18064870E7A3}.Debug|Any CPU.Build.0 = Debug|Any CPU
		{83197619-D8A5-450B-A5FD-18064870E7A3}.Release|Any CPU.ActiveCfg = Release|Any CPU
		{83197619-D8A5-450B-A5FD-18064870E7A3}.Release|Any CPU.Build.0 = Release|Any CPU
		{56AC8146-3802-4E5E-B68C-714B856C7553}.Debug|Any CPU.ActiveCfg = Debug|Any CPU
		{56AC8146-3802-4E5E-B68C-714B856C7553}.Debug|Any CPU.Build.0 = Debug|Any CPU
		{56AC8146-3802-4E5E-B68C-714B856C7553}.Release|Any CPU.ActiveCfg = Release|Any CPU
		{56AC8146-3802-4E5E-B68C-714B856C7553}.Release|Any CPU.Build.0 = Release|Any CPU
		{2B0AE91A-CF9A-4066-B767-30A12790046C}.Debug|Any CPU.ActiveCfg = Debug|Any CPU
		{2B0AE91A-CF9A-4066-B767-30A12790046C}.Debug|Any CPU.Build.0 = Debug|Any CPU
		{2B0AE91A-CF9A-4066-B767-30A12790046C}.Release|Any CPU.ActiveCfg = Release|Any CPU
		{2B0AE91A-CF9A-4066-B767-30A12790046C}.Release|Any CPU.Build.0 = Release|Any CPU
		{F2353599-CF9E-45A4-9C30-97FF9FCAAEF1}.Debug|Any CPU.ActiveCfg = Debug|Any CPU
		{F2353599-CF9E-45A4-9C30-97FF9FCAAEF1}.Debug|Any CPU.Build.0 = Debug|Any CPU
		{F2353599-CF9E-45A4-9C30-97FF9FCAAEF1}.Release|Any CPU.ActiveCfg = Release|Any CPU
		{F2353599-CF9E-45A4-9C30-97FF9FCAAEF1}.Release|Any CPU.Build.0 = Release|Any CPU
		{6E610FE8-B204-4CD7-B5A4-676E34AF79AB}.Debug|Any CPU.ActiveCfg = Debug|Any CPU
		{6E610FE8-B204-4CD7-B5A4-676E34AF79AB}.Debug|Any CPU.Build.0 = Debug|Any CPU
		{6E610FE8-B204-4CD7-B5A4-676E34AF79AB}.Release|Any CPU.ActiveCfg = Release|Any CPU
		{6E610FE8-B204-4CD7-B5A4-676E34AF79AB}.Release|Any CPU.Build.0 = Release|Any CPU
		{2FF89DDE-F855-4EA9-B257-DDE7510DCC12}.Debug|Any CPU.ActiveCfg = Debug|Any CPU
		{2FF89DDE-F855-4EA9-B257-DDE7510DCC12}.Debug|Any CPU.Build.0 = Debug|Any CPU
		{2FF89DDE-F855-4EA9-B257-DDE7510DCC12}.Release|Any CPU.ActiveCfg = Release|Any CPU
		{2FF89DDE-F855-4EA9-B257-DDE7510DCC12}.Release|Any CPU.Build.0 = Release|Any CPU
		{9886A5FF-1EE4-44F5-91DB-06A33A0A3B09}.Debug|Any CPU.ActiveCfg = Debug|Any CPU
		{9886A5FF-1EE4-44F5-91DB-06A33A0A3B09}.Debug|Any CPU.Build.0 = Debug|Any CPU
		{9886A5FF-1EE4-44F5-91DB-06A33A0A3B09}.Release|Any CPU.ActiveCfg = Release|Any CPU
		{9886A5FF-1EE4-44F5-91DB-06A33A0A3B09}.Release|Any CPU.Build.0 = Release|Any CPU
		{4D5A1A09-86F9-4147-BE18-6B4F77EDC51F}.Debug|Any CPU.ActiveCfg = Debug|Any CPU
		{4D5A1A09-86F9-4147-BE18-6B4F77EDC51F}.Debug|Any CPU.Build.0 = Debug|Any CPU
		{4D5A1A09-86F9-4147-BE18-6B4F77EDC51F}.Release|Any CPU.ActiveCfg = Release|Any CPU
		{4D5A1A09-86F9-4147-BE18-6B4F77EDC51F}.Release|Any CPU.Build.0 = Release|Any CPU
	EndGlobalSection
	GlobalSection(SolutionProperties) = preSolution
		HideSolutionNode = FALSE
	EndGlobalSection
	GlobalSection(ExtensibilityGlobals) = postSolution
		SolutionGuid = {BC33DEDD-0852-4DED-9E23-233EC14835EA}
	EndGlobalSection
EndGlobal
