
Microsoft Visual Studio Solution File, Format Version 12.00
# Visual Studio 15
VisualStudioVersion = 15.0.27004.2005
MinimumVisualStudioVersion = 10.0.40219.1
Project("{FAE04EC0-301F-11D3-BF4B-00C04F79EFBC}") = "SinoTheWalker", "ConsoleApp1\SinoTheWalker.csproj", "{ABE6C6AB-FF93-44F7-8F0A-604DA40A2EF9}"
EndProject
Project("{FAE04EC0-301F-11D3-BF4B-00C04F79EFBC}") = "SoftUniKaraoke", "SoftUniKaraoke\SoftUniKaraoke.csproj", "{6AD47BD8-7158-4479-AE97-05A37D47B367}"
EndProject
Global
	GlobalSection(SolutionConfigurationPlatforms) = preSolution
		Debug|Any CPU = Debug|Any CPU
		Release|Any CPU = Release|Any CPU
	EndGlobalSection
	GlobalSection(ProjectConfigurationPlatforms) = postSolution
		{ABE6C6AB-FF93-44F7-8F0A-604DA40A2EF9}.Debug|Any CPU.ActiveCfg = Debug|Any CPU
		{ABE6C6AB-FF93-44F7-8F0A-604DA40A2EF9}.Debug|Any CPU.Build.0 = Debug|Any CPU
		{ABE6C6AB-FF93-44F7-8F0A-604DA40A2EF9}.Release|Any CPU.ActiveCfg = Release|Any CPU
		{ABE6C6AB-FF93-44F7-8F0A-604DA40A2EF9}.Release|Any CPU.Build.0 = Release|Any CPU
		{6AD47BD8-7158-4479-AE97-05A37D47B367}.Debug|Any CPU.ActiveCfg = Debug|Any CPU
		{6AD47BD8-7158-4479-AE97-05A37D47B367}.Debug|Any CPU.Build.0 = Debug|Any CPU
		{6AD47BD8-7158-4479-AE97-05A37D47B367}.Release|Any CPU.ActiveCfg = Release|Any CPU
		{6AD47BD8-7158-4479-AE97-05A37D47B367}.Release|Any CPU.Build.0 = Release|Any CPU
	EndGlobalSection
	GlobalSection(SolutionProperties) = preSolution
		HideSolutionNode = FALSE
	EndGlobalSection
	GlobalSection(ExtensibilityGlobals) = postSolution
		SolutionGuid = {6A8F7107-938D-494D-A1B3-C8DBED7DD8A3}
	EndGlobalSection
EndGlobal
