
Microsoft Visual Studio Solution File, Format Version 12.00
# Visual Studio 15
VisualStudioVersion = 15.0.27130.2026
MinimumVisualStudioVersion = 10.0.40219.1
Project("{9A19103F-16F7-4668-BE54-9A1E7A4F7556}") = "RhombusОfStars", "RhombusОfStars\RhombusОfStars.csproj", "{32EF8F75-4E86-4B5F-859E-86EF9980FB9F}"
EndProject
Project("{FAE04EC0-301F-11D3-BF4B-00C04F79EFBC}") = "PointInRectangle", "PointInRectangle\PointInRectangle.csproj", "{B08AD7CD-32A3-4115-B952-B0D580766510}"
EndProject
Project("{FAE04EC0-301F-11D3-BF4B-00C04F79EFBC}") = "StudentSystem", "StudentSystem\StudentSystem.csproj", "{41677BAB-4388-4187-9CD5-7D07FEC35614}"
EndProject
Project("{FAE04EC0-301F-11D3-BF4B-00C04F79EFBC}") = "HotelReservation", "HotelReservation\HotelReservation.csproj", "{97965650-9560-499B-9F17-0B3E1A1017D7}"
EndProject
Global
	GlobalSection(SolutionConfigurationPlatforms) = preSolution
		Debug|Any CPU = Debug|Any CPU
		Release|Any CPU = Release|Any CPU
	EndGlobalSection
	GlobalSection(ProjectConfigurationPlatforms) = postSolution
		{32EF8F75-4E86-4B5F-859E-86EF9980FB9F}.Debug|Any CPU.ActiveCfg = Debug|Any CPU
		{32EF8F75-4E86-4B5F-859E-86EF9980FB9F}.Debug|Any CPU.Build.0 = Debug|Any CPU
		{32EF8F75-4E86-4B5F-859E-86EF9980FB9F}.Release|Any CPU.ActiveCfg = Release|Any CPU
		{32EF8F75-4E86-4B5F-859E-86EF9980FB9F}.Release|Any CPU.Build.0 = Release|Any CPU
		{B08AD7CD-32A3-4115-B952-B0D580766510}.Debug|Any CPU.ActiveCfg = Debug|Any CPU
		{B08AD7CD-32A3-4115-B952-B0D580766510}.Debug|Any CPU.Build.0 = Debug|Any CPU
		{B08AD7CD-32A3-4115-B952-B0D580766510}.Release|Any CPU.ActiveCfg = Release|Any CPU
		{B08AD7CD-32A3-4115-B952-B0D580766510}.Release|Any CPU.Build.0 = Release|Any CPU
		{41677BAB-4388-4187-9CD5-7D07FEC35614}.Debug|Any CPU.ActiveCfg = Debug|Any CPU
		{41677BAB-4388-4187-9CD5-7D07FEC35614}.Debug|Any CPU.Build.0 = Debug|Any CPU
		{41677BAB-4388-4187-9CD5-7D07FEC35614}.Release|Any CPU.ActiveCfg = Release|Any CPU
		{41677BAB-4388-4187-9CD5-7D07FEC35614}.Release|Any CPU.Build.0 = Release|Any CPU
		{97965650-9560-499B-9F17-0B3E1A1017D7}.Debug|Any CPU.ActiveCfg = Debug|Any CPU
		{97965650-9560-499B-9F17-0B3E1A1017D7}.Debug|Any CPU.Build.0 = Debug|Any CPU
		{97965650-9560-499B-9F17-0B3E1A1017D7}.Release|Any CPU.ActiveCfg = Release|Any CPU
		{97965650-9560-499B-9F17-0B3E1A1017D7}.Release|Any CPU.Build.0 = Release|Any CPU
	EndGlobalSection
	GlobalSection(SolutionProperties) = preSolution
		HideSolutionNode = FALSE
	EndGlobalSection
	GlobalSection(ExtensibilityGlobals) = postSolution
		SolutionGuid = {C743F1FA-E2A6-4CD4-8686-06E45E691058}
	EndGlobalSection
EndGlobal
