
Microsoft Visual Studio Solution File, Format Version 12.00
# Visual Studio 15
VisualStudioVersion = 15.0.27130.2026
MinimumVisualStudioVersion = 10.0.40219.1
Project("{FAE04EC0-301F-11D3-BF4B-00C04F79EFBC}") = "SingleInheritance", "SingleInheritance\SingleInheritance.csproj", "{19AEA933-67DF-4A64-8412-29902DAC749D}"
EndProject
Global
	GlobalSection(SolutionConfigurationPlatforms) = preSolution
		Debug|Any CPU = Debug|Any CPU
		Release|Any CPU = Release|Any CPU
	EndGlobalSection
	GlobalSection(ProjectConfigurationPlatforms) = postSolution
		{19AEA933-67DF-4A64-8412-29902DAC749D}.Debug|Any CPU.ActiveCfg = Debug|Any CPU
		{19AEA933-67DF-4A64-8412-29902DAC749D}.Debug|Any CPU.Build.0 = Debug|Any CPU
		{19AEA933-67DF-4A64-8412-29902DAC749D}.Release|Any CPU.ActiveCfg = Release|Any CPU
		{19AEA933-67DF-4A64-8412-29902DAC749D}.Release|Any CPU.Build.0 = Release|Any CPU
	EndGlobalSection
	GlobalSection(SolutionProperties) = preSolution
		HideSolutionNode = FALSE
	EndGlobalSection
	GlobalSection(ExtensibilityGlobals) = postSolution
		SolutionGuid = {EEF6813E-A4DD-4B2E-9267-CC1F6D8898F4}
	EndGlobalSection
EndGlobal
