
Microsoft Visual Studio Solution File, Format Version 12.00
# Visual Studio 15
VisualStudioVersion = 15.0.27428.2015
MinimumVisualStudioVersion = 10.0.40219.1
Project("{9A19103F-16F7-4668-BE54-9A1E7A4F7556}") = "Axe", "Axe\Axe.csproj", "{BD6A0412-B1D5-4894-B53F-6A3453A7DFC0}"
EndProject
Project("{FAE04EC0-301F-11D3-BF4B-00C04F79EFBC}") = "Axe.Tests", "Axe.Tests\Axe.Tests.csproj", "{2DB186B4-572A-4CDA-9437-EA2FFF311D29}"
EndProject
Global
	GlobalSection(SolutionConfigurationPlatforms) = preSolution
		Debug|Any CPU = Debug|Any CPU
		Release|Any CPU = Release|Any CPU
	EndGlobalSection
	GlobalSection(ProjectConfigurationPlatforms) = postSolution
		{BD6A0412-B1D5-4894-B53F-6A3453A7DFC0}.Debug|Any CPU.ActiveCfg = Debug|Any CPU
		{BD6A0412-B1D5-4894-B53F-6A3453A7DFC0}.Debug|Any CPU.Build.0 = Debug|Any CPU
		{BD6A0412-B1D5-4894-B53F-6A3453A7DFC0}.Release|Any CPU.ActiveCfg = Release|Any CPU
		{BD6A0412-B1D5-4894-B53F-6A3453A7DFC0}.Release|Any CPU.Build.0 = Release|Any CPU
		{2DB186B4-572A-4CDA-9437-EA2FFF311D29}.Debug|Any CPU.ActiveCfg = Debug|Any CPU
		{2DB186B4-572A-4CDA-9437-EA2FFF311D29}.Debug|Any CPU.Build.0 = Debug|Any CPU
		{2DB186B4-572A-4CDA-9437-EA2FFF311D29}.Release|Any CPU.ActiveCfg = Release|Any CPU
		{2DB186B4-572A-4CDA-9437-EA2FFF311D29}.Release|Any CPU.Build.0 = Release|Any CPU
	EndGlobalSection
	GlobalSection(SolutionProperties) = preSolution
		HideSolutionNode = FALSE
	EndGlobalSection
	GlobalSection(ExtensibilityGlobals) = postSolution
		SolutionGuid = {B85FA7C5-67AD-4D05-80D9-B5990109D381}
	EndGlobalSection
EndGlobal
