
Microsoft Visual Studio Solution File, Format Version 12.00
# Visual Studio 15
VisualStudioVersion = 15.0.26730.15
MinimumVisualStudioVersion = 10.0.40219.1
Project("{FAE04EC0-301F-11D3-BF4B-00C04F79EFBC}") = "Passed", "Passed\Passed.csproj", "{DF14E214-1F27-498A-875C-717E09D893FB}"
EndProject
Project("{FAE04EC0-301F-11D3-BF4B-00C04F79EFBC}") = "PassedOrFailed", "PassedOrFailed\PassedOrFailed.csproj", "{55259530-4321-4342-B34D-D96033335B99}"
EndProject
Project("{FAE04EC0-301F-11D3-BF4B-00C04F79EFBC}") = "BackIn30Minutes", "BackIn30Minutes\BackIn30Minutes.csproj", "{5F32AC0A-40AB-4AB6-8DA0-BA58EAD325A5}"
EndProject
Project("{FAE04EC0-301F-11D3-BF4B-00C04F79EFBC}") = "MonthPrinter", "MonthPrinter\MonthPrinter.csproj", "{1388BEBC-71A4-4568-AD81-CFCAE3A361EF}"
EndProject
Project("{FAE04EC0-301F-11D3-BF4B-00C04F79EFBC}") = "ForeignLanguages", "ForeignLanguages\ForeignLanguages.csproj", "{515C18D8-01C9-41F2-8DC5-544F1C6B175F}"
EndProject
Project("{FAE04EC0-301F-11D3-BF4B-00C04F79EFBC}") = "TheatrePromotion", "TheatrePromotion\TheatrePromotion.csproj", "{91CE788C-2C68-468E-85E7-42741AD03F32}"
EndProject
Project("{FAE04EC0-301F-11D3-BF4B-00C04F79EFBC}") = "DivisibleBy3", "DivisibleBy3\DivisibleBy3.csproj", "{AA78A146-CAB9-4F8E-9F8F-894F32E50C80}"
EndProject
Project("{FAE04EC0-301F-11D3-BF4B-00C04F79EFBC}") = "SumOfOddNumbers", "SumOfOddNumbers\SumOfOddNumbers.csproj", "{8BC7735D-DE0B-4867-90F6-70EFB665F86C}"
EndProject
Project("{FAE04EC0-301F-11D3-BF4B-00C04F79EFBC}") = "MultiplicationTable", "MultiplicationTable\MultiplicationTable.csproj", "{16B6E98B-F90F-46F2-8AA4-1A45DAEF658D}"
EndProject
Project("{FAE04EC0-301F-11D3-BF4B-00C04F79EFBC}") = "MultiplicationTable2", "MultiplicationTable2\MultiplicationTable2.csproj", "{6CD4604F-1878-4F9A-AE91-D4349FC3AE1A}"
EndProject
Project("{FAE04EC0-301F-11D3-BF4B-00C04F79EFBC}") = "OddNumber", "OddNumber\OddNumber.csproj", "{930A887B-1910-4FF9-A53C-C4086D1EB38A}"
EndProject
Project("{FAE04EC0-301F-11D3-BF4B-00C04F79EFBC}") = "NumberChecker", "NumberChecker\NumberChecker.csproj", "{31D1C91A-98E1-4E94-9FAB-D4659199E764}"
EndProject
Global
	GlobalSection(SolutionConfigurationPlatforms) = preSolution
		Debug|Any CPU = Debug|Any CPU
		Release|Any CPU = Release|Any CPU
	EndGlobalSection
	GlobalSection(ProjectConfigurationPlatforms) = postSolution
		{DF14E214-1F27-498A-875C-717E09D893FB}.Debug|Any CPU.ActiveCfg = Debug|Any CPU
		{DF14E214-1F27-498A-875C-717E09D893FB}.Debug|Any CPU.Build.0 = Debug|Any CPU
		{DF14E214-1F27-498A-875C-717E09D893FB}.Release|Any CPU.ActiveCfg = Release|Any CPU
		{DF14E214-1F27-498A-875C-717E09D893FB}.Release|Any CPU.Build.0 = Release|Any CPU
		{55259530-4321-4342-B34D-D96033335B99}.Debug|Any CPU.ActiveCfg = Debug|Any CPU
		{55259530-4321-4342-B34D-D96033335B99}.Debug|Any CPU.Build.0 = Debug|Any CPU
		{55259530-4321-4342-B34D-D96033335B99}.Release|Any CPU.ActiveCfg = Release|Any CPU
		{55259530-4321-4342-B34D-D96033335B99}.Release|Any CPU.Build.0 = Release|Any CPU
		{5F32AC0A-40AB-4AB6-8DA0-BA58EAD325A5}.Debug|Any CPU.ActiveCfg = Debug|Any CPU
		{5F32AC0A-40AB-4AB6-8DA0-BA58EAD325A5}.Debug|Any CPU.Build.0 = Debug|Any CPU
		{5F32AC0A-40AB-4AB6-8DA0-BA58EAD325A5}.Release|Any CPU.ActiveCfg = Release|Any CPU
		{5F32AC0A-40AB-4AB6-8DA0-BA58EAD325A5}.Release|Any CPU.Build.0 = Release|Any CPU
		{1388BEBC-71A4-4568-AD81-CFCAE3A361EF}.Debug|Any CPU.ActiveCfg = Debug|Any CPU
		{1388BEBC-71A4-4568-AD81-CFCAE3A361EF}.Debug|Any CPU.Build.0 = Debug|Any CPU
		{1388BEBC-71A4-4568-AD81-CFCAE3A361EF}.Release|Any CPU.ActiveCfg = Release|Any CPU
		{1388BEBC-71A4-4568-AD81-CFCAE3A361EF}.Release|Any CPU.Build.0 = Release|Any CPU
		{515C18D8-01C9-41F2-8DC5-544F1C6B175F}.Debug|Any CPU.ActiveCfg = Debug|Any CPU
		{515C18D8-01C9-41F2-8DC5-544F1C6B175F}.Debug|Any CPU.Build.0 = Debug|Any CPU
		{515C18D8-01C9-41F2-8DC5-544F1C6B175F}.Release|Any CPU.ActiveCfg = Release|Any CPU
		{515C18D8-01C9-41F2-8DC5-544F1C6B175F}.Release|Any CPU.Build.0 = Release|Any CPU
		{91CE788C-2C68-468E-85E7-42741AD03F32}.Debug|Any CPU.ActiveCfg = Debug|Any CPU
		{91CE788C-2C68-468E-85E7-42741AD03F32}.Debug|Any CPU.Build.0 = Debug|Any CPU
		{91CE788C-2C68-468E-85E7-42741AD03F32}.Release|Any CPU.ActiveCfg = Release|Any CPU
		{91CE788C-2C68-468E-85E7-42741AD03F32}.Release|Any CPU.Build.0 = Release|Any CPU
		{AA78A146-CAB9-4F8E-9F8F-894F32E50C80}.Debug|Any CPU.ActiveCfg = Debug|Any CPU
		{AA78A146-CAB9-4F8E-9F8F-894F32E50C80}.Debug|Any CPU.Build.0 = Debug|Any CPU
		{AA78A146-CAB9-4F8E-9F8F-894F32E50C80}.Release|Any CPU.ActiveCfg = Release|Any CPU
		{AA78A146-CAB9-4F8E-9F8F-894F32E50C80}.Release|Any CPU.Build.0 = Release|Any CPU
		{8BC7735D-DE0B-4867-90F6-70EFB665F86C}.Debug|Any CPU.ActiveCfg = Debug|Any CPU
		{8BC7735D-DE0B-4867-90F6-70EFB665F86C}.Debug|Any CPU.Build.0 = Debug|Any CPU
		{8BC7735D-DE0B-4867-90F6-70EFB665F86C}.Release|Any CPU.ActiveCfg = Release|Any CPU
		{8BC7735D-DE0B-4867-90F6-70EFB665F86C}.Release|Any CPU.Build.0 = Release|Any CPU
		{16B6E98B-F90F-46F2-8AA4-1A45DAEF658D}.Debug|Any CPU.ActiveCfg = Debug|Any CPU
		{16B6E98B-F90F-46F2-8AA4-1A45DAEF658D}.Debug|Any CPU.Build.0 = Debug|Any CPU
		{16B6E98B-F90F-46F2-8AA4-1A45DAEF658D}.Release|Any CPU.ActiveCfg = Release|Any CPU
		{16B6E98B-F90F-46F2-8AA4-1A45DAEF658D}.Release|Any CPU.Build.0 = Release|Any CPU
		{6CD4604F-1878-4F9A-AE91-D4349FC3AE1A}.Debug|Any CPU.ActiveCfg = Debug|Any CPU
		{6CD4604F-1878-4F9A-AE91-D4349FC3AE1A}.Debug|Any CPU.Build.0 = Debug|Any CPU
		{6CD4604F-1878-4F9A-AE91-D4349FC3AE1A}.Release|Any CPU.ActiveCfg = Release|Any CPU
		{6CD4604F-1878-4F9A-AE91-D4349FC3AE1A}.Release|Any CPU.Build.0 = Release|Any CPU
		{930A887B-1910-4FF9-A53C-C4086D1EB38A}.Debug|Any CPU.ActiveCfg = Debug|Any CPU
		{930A887B-1910-4FF9-A53C-C4086D1EB38A}.Debug|Any CPU.Build.0 = Debug|Any CPU
		{930A887B-1910-4FF9-A53C-C4086D1EB38A}.Release|Any CPU.ActiveCfg = Release|Any CPU
		{930A887B-1910-4FF9-A53C-C4086D1EB38A}.Release|Any CPU.Build.0 = Release|Any CPU
		{31D1C91A-98E1-4E94-9FAB-D4659199E764}.Debug|Any CPU.ActiveCfg = Debug|Any CPU
		{31D1C91A-98E1-4E94-9FAB-D4659199E764}.Debug|Any CPU.Build.0 = Debug|Any CPU
		{31D1C91A-98E1-4E94-9FAB-D4659199E764}.Release|Any CPU.ActiveCfg = Release|Any CPU
		{31D1C91A-98E1-4E94-9FAB-D4659199E764}.Release|Any CPU.Build.0 = Release|Any CPU
	EndGlobalSection
	GlobalSection(SolutionProperties) = preSolution
		HideSolutionNode = FALSE
	EndGlobalSection
	GlobalSection(ExtensibilityGlobals) = postSolution
		SolutionGuid = {4FF7613A-9E05-4EE8-BEAF-2BF6D18B9FE5}
	EndGlobalSection
EndGlobal
