
Microsoft Visual Studio Solution File, Format Version 12.00
# Visual Studio 15
VisualStudioVersion = 15.0.27130.2026
MinimumVisualStudioVersion = 10.0.40219.1
Project("{FAE04EC0-301F-11D3-BF4B-00C04F79EFBC}") = "PawInc", "PawInc\PawInc.csproj", "{D17DC049-20E9-44B5-A055-6CC86D70D2F1}"
EndProject
Global
	GlobalSection(SolutionConfigurationPlatforms) = preSolution
		Debug|Any CPU = Debug|Any CPU
		Release|Any CPU = Release|Any CPU
	EndGlobalSection
	GlobalSection(ProjectConfigurationPlatforms) = postSolution
		{D17DC049-20E9-44B5-A055-6CC86D70D2F1}.Debug|Any CPU.ActiveCfg = Debug|Any CPU
		{D17DC049-20E9-44B5-A055-6CC86D70D2F1}.Debug|Any CPU.Build.0 = Debug|Any CPU
		{D17DC049-20E9-44B5-A055-6CC86D70D2F1}.Release|Any CPU.ActiveCfg = Release|Any CPU
		{D17DC049-20E9-44B5-A055-6CC86D70D2F1}.Release|Any CPU.Build.0 = Release|Any CPU
	EndGlobalSection
	GlobalSection(SolutionProperties) = preSolution
		HideSolutionNode = FALSE
	EndGlobalSection
	GlobalSection(ExtensibilityGlobals) = postSolution
		SolutionGuid = {68603039-AA99-41B2-B167-C83932335E03}
	EndGlobalSection
EndGlobal
