
Microsoft Visual Studio Solution File, Format Version 12.00
# Visual Studio 15
VisualStudioVersion = 15.0.27703.2035
MinimumVisualStudioVersion = 10.0.40219.1
Project("{9A19103F-16F7-4668-BE54-9A1E7A4F7556}") = "P01_BillsPaymentSystem.App", "P01_BillsPaymentSystem.App\P01_BillsPaymentSystem.App.csproj", "{DC2A82C6-C227-4349-BE8F-20B54510DC0C}"
EndProject
Project("{FAE04EC0-301F-11D3-BF4B-00C04F79EFBC}") = "P01_BillsPaymentSystem.Data", "P01_BillsPaymentSystem.Data\P01_BillsPaymentSystem.Data.csproj", "{592CE78D-C9B2-4698-85A9-964B08D47938}"
EndProject
Project("{FAE04EC0-301F-11D3-BF4B-00C04F79EFBC}") = "P01_BillsPaymentSystem.Data.Models", "P01_BillsPaymentSystem.Data.Models\P01_BillsPaymentSystem.Data.Models.csproj", "{336F8704-1846-4292-A966-60F7F5B0E453}"
EndProject
Global
	GlobalSection(SolutionConfigurationPlatforms) = preSolution
		Debug|Any CPU = Debug|Any CPU
		Release|Any CPU = Release|Any CPU
	EndGlobalSection
	GlobalSection(ProjectConfigurationPlatforms) = postSolution
		{DC2A82C6-C227-4349-BE8F-20B54510DC0C}.Debug|Any CPU.ActiveCfg = Debug|Any CPU
		{DC2A82C6-C227-4349-BE8F-20B54510DC0C}.Debug|Any CPU.Build.0 = Debug|Any CPU
		{DC2A82C6-C227-4349-BE8F-20B54510DC0C}.Release|Any CPU.ActiveCfg = Release|Any CPU
		{DC2A82C6-C227-4349-BE8F-20B54510DC0C}.Release|Any CPU.Build.0 = Release|Any CPU
		{592CE78D-C9B2-4698-85A9-964B08D47938}.Debug|Any CPU.ActiveCfg = Debug|Any CPU
		{592CE78D-C9B2-4698-85A9-964B08D47938}.Debug|Any CPU.Build.0 = Debug|Any CPU
		{592CE78D-C9B2-4698-85A9-964B08D47938}.Release|Any CPU.ActiveCfg = Release|Any CPU
		{592CE78D-C9B2-4698-85A9-964B08D47938}.Release|Any CPU.Build.0 = Release|Any CPU
		{336F8704-1846-4292-A966-60F7F5B0E453}.Debug|Any CPU.ActiveCfg = Debug|Any CPU
		{336F8704-1846-4292-A966-60F7F5B0E453}.Debug|Any CPU.Build.0 = Debug|Any CPU
		{336F8704-1846-4292-A966-60F7F5B0E453}.Release|Any CPU.ActiveCfg = Release|Any CPU
		{336F8704-1846-4292-A966-60F7F5B0E453}.Release|Any CPU.Build.0 = Release|Any CPU
	EndGlobalSection
	GlobalSection(SolutionProperties) = preSolution
		HideSolutionNode = FALSE
	EndGlobalSection
	GlobalSection(ExtensibilityGlobals) = postSolution
		SolutionGuid = {C3C7A0C7-2624-4444-8833-434DE05EF4E8}
	EndGlobalSection
EndGlobal
