
Microsoft Visual Studio Solution File, Format Version 12.00
# Visual Studio 15
VisualStudioVersion = 15.0.26730.16
MinimumVisualStudioVersion = 10.0.40219.1
Project("{FAE04EC0-301F-11D3-BF4B-00C04F79EFBC}") = "DayOfWeek", "DayOfWeek\DayOfWeek.csproj", "{93E133E6-BBD2-466E-8806-703DAE326BD6}"
EndProject
Project("{FAE04EC0-301F-11D3-BF4B-00C04F79EFBC}") = "RandomizeWords", "RandomizeWords\RandomizeWords.csproj", "{D8D15A1A-B752-46E5-8DA0-7B928604D60F}"
EndProject
Project("{FAE04EC0-301F-11D3-BF4B-00C04F79EFBC}") = "BigFactorial", "BigFactorial\BigFactorial.csproj", "{7EC3641A-F45B-472A-954E-5C885C0BA4A3}"
EndProject
Project("{FAE04EC0-301F-11D3-BF4B-00C04F79EFBC}") = "DistanceBetweenPoints", "DistanceBetweenPoints\DistanceBetweenPoints.csproj", "{6E69963C-50F0-4D23-9BBC-D3903D499532}"
EndProject
Project("{FAE04EC0-301F-11D3-BF4B-00C04F79EFBC}") = "ClosestTwoPoints", "ClosestTwoPoints\ClosestTwoPoints.csproj", "{C43E8162-6474-4863-9EA8-75AF7FAA7592}"
EndProject
Project("{FAE04EC0-301F-11D3-BF4B-00C04F79EFBC}") = "RectanglePosition", "RectanglePosition\RectanglePosition.csproj", "{10A9602D-6DCE-442E-A744-511DCECB0B2E}"
EndProject
Project("{FAE04EC0-301F-11D3-BF4B-00C04F79EFBC}") = "SalesReport", "SalesReport\SalesReport.csproj", "{9FDA0ED9-E7AA-4827-9A79-5C2FCE76D219}"
EndProject
Global
	GlobalSection(SolutionConfigurationPlatforms) = preSolution
		Debug|Any CPU = Debug|Any CPU
		Release|Any CPU = Release|Any CPU
	EndGlobalSection
	GlobalSection(ProjectConfigurationPlatforms) = postSolution
		{93E133E6-BBD2-466E-8806-703DAE326BD6}.Debug|Any CPU.ActiveCfg = Debug|Any CPU
		{93E133E6-BBD2-466E-8806-703DAE326BD6}.Debug|Any CPU.Build.0 = Debug|Any CPU
		{93E133E6-BBD2-466E-8806-703DAE326BD6}.Release|Any CPU.ActiveCfg = Release|Any CPU
		{93E133E6-BBD2-466E-8806-703DAE326BD6}.Release|Any CPU.Build.0 = Release|Any CPU
		{D8D15A1A-B752-46E5-8DA0-7B928604D60F}.Debug|Any CPU.ActiveCfg = Debug|Any CPU
		{D8D15A1A-B752-46E5-8DA0-7B928604D60F}.Debug|Any CPU.Build.0 = Debug|Any CPU
		{D8D15A1A-B752-46E5-8DA0-7B928604D60F}.Release|Any CPU.ActiveCfg = Release|Any CPU
		{D8D15A1A-B752-46E5-8DA0-7B928604D60F}.Release|Any CPU.Build.0 = Release|Any CPU
		{7EC3641A-F45B-472A-954E-5C885C0BA4A3}.Debug|Any CPU.ActiveCfg = Debug|Any CPU
		{7EC3641A-F45B-472A-954E-5C885C0BA4A3}.Debug|Any CPU.Build.0 = Debug|Any CPU
		{7EC3641A-F45B-472A-954E-5C885C0BA4A3}.Release|Any CPU.ActiveCfg = Release|Any CPU
		{7EC3641A-F45B-472A-954E-5C885C0BA4A3}.Release|Any CPU.Build.0 = Release|Any CPU
		{6E69963C-50F0-4D23-9BBC-D3903D499532}.Debug|Any CPU.ActiveCfg = Debug|Any CPU
		{6E69963C-50F0-4D23-9BBC-D3903D499532}.Debug|Any CPU.Build.0 = Debug|Any CPU
		{6E69963C-50F0-4D23-9BBC-D3903D499532}.Release|Any CPU.ActiveCfg = Release|Any CPU
		{6E69963C-50F0-4D23-9BBC-D3903D499532}.Release|Any CPU.Build.0 = Release|Any CPU
		{C43E8162-6474-4863-9EA8-75AF7FAA7592}.Debug|Any CPU.ActiveCfg = Debug|Any CPU
		{C43E8162-6474-4863-9EA8-75AF7FAA7592}.Debug|Any CPU.Build.0 = Debug|Any CPU
		{C43E8162-6474-4863-9EA8-75AF7FAA7592}.Release|Any CPU.ActiveCfg = Release|Any CPU
		{C43E8162-6474-4863-9EA8-75AF7FAA7592}.Release|Any CPU.Build.0 = Release|Any CPU
		{10A9602D-6DCE-442E-A744-511DCECB0B2E}.Debug|Any CPU.ActiveCfg = Debug|Any CPU
		{10A9602D-6DCE-442E-A744-511DCECB0B2E}.Debug|Any CPU.Build.0 = Debug|Any CPU
		{10A9602D-6DCE-442E-A744-511DCECB0B2E}.Release|Any CPU.ActiveCfg = Release|Any CPU
		{10A9602D-6DCE-442E-A744-511DCECB0B2E}.Release|Any CPU.Build.0 = Release|Any CPU
		{9FDA0ED9-E7AA-4827-9A79-5C2FCE76D219}.Debug|Any CPU.ActiveCfg = Debug|Any CPU
		{9FDA0ED9-E7AA-4827-9A79-5C2FCE76D219}.Debug|Any CPU.Build.0 = Debug|Any CPU
		{9FDA0ED9-E7AA-4827-9A79-5C2FCE76D219}.Release|Any CPU.ActiveCfg = Release|Any CPU
		{9FDA0ED9-E7AA-4827-9A79-5C2FCE76D219}.Release|Any CPU.Build.0 = Release|Any CPU
	EndGlobalSection
	GlobalSection(SolutionProperties) = preSolution
		HideSolutionNode = FALSE
	EndGlobalSection
	GlobalSection(ExtensibilityGlobals) = postSolution
		SolutionGuid = {C89C8290-9C2E-44B4-9708-E176CBA8AED2}
	EndGlobalSection
EndGlobal
