
Microsoft Visual Studio Solution File, Format Version 12.00
# Visual Studio 15
VisualStudioVersion = 15.0.27004.2005
MinimumVisualStudioVersion = 10.0.40219.1
Project("{FAE04EC0-301F-11D3-BF4B-00C04F79EFBC}") = "MostFrequentNumber", "MostFrequentNumber\MostFrequentNumber.csproj", "{EC4D500D-8696-4DB2-A5FB-E20596C75FF2}"
EndProject
Project("{FAE04EC0-301F-11D3-BF4B-00C04F79EFBC}") = "IndexOfLetters", "IndexOfLetters\IndexOfLetters.csproj", "{115AE2CA-3848-4224-B287-19C1DD680FB6}"
EndProject
Project("{FAE04EC0-301F-11D3-BF4B-00C04F79EFBC}") = "EqualSums", "EqualSums\EqualSums.csproj", "{6A2FC9E0-6AFF-4F2B-9B48-B931DDE054A7}"
EndProject
Project("{FAE04EC0-301F-11D3-BF4B-00C04F79EFBC}") = "MaxSequenceOfEquaElements", "MaxSequenceOfEquaElements\MaxSequenceOfEquaElements.csproj", "{24B91818-C76E-4A0F-B72A-2E072183B453}"
EndProject
Project("{FAE04EC0-301F-11D3-BF4B-00C04F79EFBC}") = "AMinerTask", "AMinerTask\AMinerTask.csproj", "{330D2512-595A-4B74-9AF9-C28D5978CF68}"
EndProject
Project("{FAE04EC0-301F-11D3-BF4B-00C04F79EFBC}") = "FixEmails", "FixEmails\FixEmails.csproj", "{B761173C-0707-434B-8A58-61AE441B7AFE}"
EndProject
Project("{FAE04EC0-301F-11D3-BF4B-00C04F79EFBC}") = "AdvertisementMessage", "AdvertisementMessage\AdvertisementMessage.csproj", "{2D544A84-9489-42E3-A214-C9CBC514155B}"
EndProject
Project("{FAE04EC0-301F-11D3-BF4B-00C04F79EFBC}") = "AverageGrades", "AverageGrades\AverageGrades.csproj", "{AE79B7A0-1778-4503-91AC-276EF2E2C94F}"
EndProject
Project("{FAE04EC0-301F-11D3-BF4B-00C04F79EFBC}") = "BookLibrary", "BookLibrary\BookLibrary.csproj", "{A2118B7C-48AB-487A-9552-AF385C032AB2}"
EndProject
Project("{FAE04EC0-301F-11D3-BF4B-00C04F79EFBC}") = "BookLibraryModification", "BookLibraryModification\BookLibraryModification.csproj", "{2F66AD56-6F2A-4457-ABDC-A673D0775996}"
EndProject
Global
	GlobalSection(SolutionConfigurationPlatforms) = preSolution
		Debug|Any CPU = Debug|Any CPU
		Release|Any CPU = Release|Any CPU
	EndGlobalSection
	GlobalSection(ProjectConfigurationPlatforms) = postSolution
		{EC4D500D-8696-4DB2-A5FB-E20596C75FF2}.Debug|Any CPU.ActiveCfg = Debug|Any CPU
		{EC4D500D-8696-4DB2-A5FB-E20596C75FF2}.Debug|Any CPU.Build.0 = Debug|Any CPU
		{EC4D500D-8696-4DB2-A5FB-E20596C75FF2}.Release|Any CPU.ActiveCfg = Release|Any CPU
		{EC4D500D-8696-4DB2-A5FB-E20596C75FF2}.Release|Any CPU.Build.0 = Release|Any CPU
		{115AE2CA-3848-4224-B287-19C1DD680FB6}.Debug|Any CPU.ActiveCfg = Debug|Any CPU
		{115AE2CA-3848-4224-B287-19C1DD680FB6}.Debug|Any CPU.Build.0 = Debug|Any CPU
		{115AE2CA-3848-4224-B287-19C1DD680FB6}.Release|Any CPU.ActiveCfg = Release|Any CPU
		{115AE2CA-3848-4224-B287-19C1DD680FB6}.Release|Any CPU.Build.0 = Release|Any CPU
		{6A2FC9E0-6AFF-4F2B-9B48-B931DDE054A7}.Debug|Any CPU.ActiveCfg = Debug|Any CPU
		{6A2FC9E0-6AFF-4F2B-9B48-B931DDE054A7}.Debug|Any CPU.Build.0 = Debug|Any CPU
		{6A2FC9E0-6AFF-4F2B-9B48-B931DDE054A7}.Release|Any CPU.ActiveCfg = Release|Any CPU
		{6A2FC9E0-6AFF-4F2B-9B48-B931DDE054A7}.Release|Any CPU.Build.0 = Release|Any CPU
		{24B91818-C76E-4A0F-B72A-2E072183B453}.Debug|Any CPU.ActiveCfg = Debug|Any CPU
		{24B91818-C76E-4A0F-B72A-2E072183B453}.Debug|Any CPU.Build.0 = Debug|Any CPU
		{24B91818-C76E-4A0F-B72A-2E072183B453}.Release|Any CPU.ActiveCfg = Release|Any CPU
		{24B91818-C76E-4A0F-B72A-2E072183B453}.Release|Any CPU.Build.0 = Release|Any CPU
		{330D2512-595A-4B74-9AF9-C28D5978CF68}.Debug|Any CPU.ActiveCfg = Debug|Any CPU
		{330D2512-595A-4B74-9AF9-C28D5978CF68}.Debug|Any CPU.Build.0 = Debug|Any CPU
		{330D2512-595A-4B74-9AF9-C28D5978CF68}.Release|Any CPU.ActiveCfg = Release|Any CPU
		{330D2512-595A-4B74-9AF9-C28D5978CF68}.Release|Any CPU.Build.0 = Release|Any CPU
		{B761173C-0707-434B-8A58-61AE441B7AFE}.Debug|Any CPU.ActiveCfg = Debug|Any CPU
		{B761173C-0707-434B-8A58-61AE441B7AFE}.Debug|Any CPU.Build.0 = Debug|Any CPU
		{B761173C-0707-434B-8A58-61AE441B7AFE}.Release|Any CPU.ActiveCfg = Release|Any CPU
		{B761173C-0707-434B-8A58-61AE441B7AFE}.Release|Any CPU.Build.0 = Release|Any CPU
		{2D544A84-9489-42E3-A214-C9CBC514155B}.Debug|Any CPU.ActiveCfg = Debug|Any CPU
		{2D544A84-9489-42E3-A214-C9CBC514155B}.Debug|Any CPU.Build.0 = Debug|Any CPU
		{2D544A84-9489-42E3-A214-C9CBC514155B}.Release|Any CPU.ActiveCfg = Release|Any CPU
		{2D544A84-9489-42E3-A214-C9CBC514155B}.Release|Any CPU.Build.0 = Release|Any CPU
		{AE79B7A0-1778-4503-91AC-276EF2E2C94F}.Debug|Any CPU.ActiveCfg = Debug|Any CPU
		{AE79B7A0-1778-4503-91AC-276EF2E2C94F}.Debug|Any CPU.Build.0 = Debug|Any CPU
		{AE79B7A0-1778-4503-91AC-276EF2E2C94F}.Release|Any CPU.ActiveCfg = Release|Any CPU
		{AE79B7A0-1778-4503-91AC-276EF2E2C94F}.Release|Any CPU.Build.0 = Release|Any CPU
		{A2118B7C-48AB-487A-9552-AF385C032AB2}.Debug|Any CPU.ActiveCfg = Debug|Any CPU
		{A2118B7C-48AB-487A-9552-AF385C032AB2}.Debug|Any CPU.Build.0 = Debug|Any CPU
		{A2118B7C-48AB-487A-9552-AF385C032AB2}.Release|Any CPU.ActiveCfg = Release|Any CPU
		{A2118B7C-48AB-487A-9552-AF385C032AB2}.Release|Any CPU.Build.0 = Release|Any CPU
		{2F66AD56-6F2A-4457-ABDC-A673D0775996}.Debug|Any CPU.ActiveCfg = Debug|Any CPU
		{2F66AD56-6F2A-4457-ABDC-A673D0775996}.Debug|Any CPU.Build.0 = Debug|Any CPU
		{2F66AD56-6F2A-4457-ABDC-A673D0775996}.Release|Any CPU.ActiveCfg = Release|Any CPU
		{2F66AD56-6F2A-4457-ABDC-A673D0775996}.Release|Any CPU.Build.0 = Release|Any CPU
	EndGlobalSection
	GlobalSection(SolutionProperties) = preSolution
		HideSolutionNode = FALSE
	EndGlobalSection
	GlobalSection(ExtensibilityGlobals) = postSolution
		SolutionGuid = {B892BCC7-CE53-4208-B334-18C0F488A2FE}
	EndGlobalSection
EndGlobal
