
Microsoft Visual Studio Solution File, Format Version 12.00
# Visual Studio 15
VisualStudioVersion = 15.0.27130.2026
MinimumVisualStudioVersion = 10.0.40219.1
Project("{FAE04EC0-301F-11D3-BF4B-00C04F79EFBC}") = "Minedraft", "Minedraft\Minedraft.csproj", "{4BE0E941-EEEC-4FB2-BF6B-B521C275D0F6}"
EndProject
Global
	GlobalSection(SolutionConfigurationPlatforms) = preSolution
		Debug|Any CPU = Debug|Any CPU
		Release|Any CPU = Release|Any CPU
	EndGlobalSection
	GlobalSection(ProjectConfigurationPlatforms) = postSolution
		{4BE0E941-EEEC-4FB2-BF6B-B521C275D0F6}.Debug|Any CPU.ActiveCfg = Debug|Any CPU
		{4BE0E941-EEEC-4FB2-BF6B-B521C275D0F6}.Debug|Any CPU.Build.0 = Debug|Any CPU
		{4BE0E941-EEEC-4FB2-BF6B-B521C275D0F6}.Release|Any CPU.ActiveCfg = Release|Any CPU
		{4BE0E941-EEEC-4FB2-BF6B-B521C275D0F6}.Release|Any CPU.Build.0 = Release|Any CPU
	EndGlobalSection
	GlobalSection(SolutionProperties) = preSolution
		HideSolutionNode = FALSE
	EndGlobalSection
	GlobalSection(ExtensibilityGlobals) = postSolution
		SolutionGuid = {0A03937A-1936-4803-9590-B4749A0FF8D4}
	EndGlobalSection
EndGlobal
