
Microsoft Visual Studio Solution File, Format Version 12.00
# Visual Studio 15
VisualStudioVersion = 15.0.27130.2026
MinimumVisualStudioVersion = 10.0.40219.1
Project("{9A19103F-16F7-4668-BE54-9A1E7A4F7556}") = "RawData", "RawData\RawData.csproj", "{70CB7F78-748E-4D3A-BCC5-F111342FB40F}"
EndProject
Project("{9A19103F-16F7-4668-BE54-9A1E7A4F7556}") = "CarSalesman", "CarSalesman\CarSalesman.csproj", "{9B2E286C-4D85-4F2A-96A4-7DCF98AAE17B}"
EndProject
Project("{FAE04EC0-301F-11D3-BF4B-00C04F79EFBC}") = "JediGalaxy", "JediGalaxy\JediGalaxy.csproj", "{1B947B25-F49B-4C66-8E8A-7014192BCFE2}"
EndProject
Project("{FAE04EC0-301F-11D3-BF4B-00C04F79EFBC}") = "Hospital", "Hospital\Hospital.csproj", "{EF1D9F47-B492-4503-A736-46FC9FD46FEC}"
EndProject
Project("{FAE04EC0-301F-11D3-BF4B-00C04F79EFBC}") = "GreedyTimes", "GreedyTimes\GreedyTimes.csproj", "{4B8F01D5-F475-4B96-9C8A-E7BF296E14AD}"
EndProject
Project("{FAE04EC0-301F-11D3-BF4B-00C04F79EFBC}") = "Sneaking", "Sneaking\Sneaking.csproj", "{8EE250E4-3C32-4C54-8455-A08C43434385}"
EndProject
Project("{FAE04EC0-301F-11D3-BF4B-00C04F79EFBC}") = "FamilyTree", "FamilyTree\FamilyTree.csproj", "{2D85C4A4-CA85-4CEF-BF76-68C869849B12}"
EndProject
Global
	GlobalSection(SolutionConfigurationPlatforms) = preSolution
		Debug|Any CPU = Debug|Any CPU
		Release|Any CPU = Release|Any CPU
	EndGlobalSection
	GlobalSection(ProjectConfigurationPlatforms) = postSolution
		{70CB7F78-748E-4D3A-BCC5-F111342FB40F}.Debug|Any CPU.ActiveCfg = Debug|Any CPU
		{70CB7F78-748E-4D3A-BCC5-F111342FB40F}.Debug|Any CPU.Build.0 = Debug|Any CPU
		{70CB7F78-748E-4D3A-BCC5-F111342FB40F}.Release|Any CPU.ActiveCfg = Release|Any CPU
		{70CB7F78-748E-4D3A-BCC5-F111342FB40F}.Release|Any CPU.Build.0 = Release|Any CPU
		{9B2E286C-4D85-4F2A-96A4-7DCF98AAE17B}.Debug|Any CPU.ActiveCfg = Debug|Any CPU
		{9B2E286C-4D85-4F2A-96A4-7DCF98AAE17B}.Debug|Any CPU.Build.0 = Debug|Any CPU
		{9B2E286C-4D85-4F2A-96A4-7DCF98AAE17B}.Release|Any CPU.ActiveCfg = Release|Any CPU
		{9B2E286C-4D85-4F2A-96A4-7DCF98AAE17B}.Release|Any CPU.Build.0 = Release|Any CPU
		{1B947B25-F49B-4C66-8E8A-7014192BCFE2}.Debug|Any CPU.ActiveCfg = Debug|Any CPU
		{1B947B25-F49B-4C66-8E8A-7014192BCFE2}.Debug|Any CPU.Build.0 = Debug|Any CPU
		{1B947B25-F49B-4C66-8E8A-7014192BCFE2}.Release|Any CPU.ActiveCfg = Release|Any CPU
		{1B947B25-F49B-4C66-8E8A-7014192BCFE2}.Release|Any CPU.Build.0 = Release|Any CPU
		{EF1D9F47-B492-4503-A736-46FC9FD46FEC}.Debug|Any CPU.ActiveCfg = Debug|Any CPU
		{EF1D9F47-B492-4503-A736-46FC9FD46FEC}.Debug|Any CPU.Build.0 = Debug|Any CPU
		{EF1D9F47-B492-4503-A736-46FC9FD46FEC}.Release|Any CPU.ActiveCfg = Release|Any CPU
		{EF1D9F47-B492-4503-A736-46FC9FD46FEC}.Release|Any CPU.Build.0 = Release|Any CPU
		{4B8F01D5-F475-4B96-9C8A-E7BF296E14AD}.Debug|Any CPU.ActiveCfg = Debug|Any CPU
		{4B8F01D5-F475-4B96-9C8A-E7BF296E14AD}.Debug|Any CPU.Build.0 = Debug|Any CPU
		{4B8F01D5-F475-4B96-9C8A-E7BF296E14AD}.Release|Any CPU.ActiveCfg = Release|Any CPU
		{4B8F01D5-F475-4B96-9C8A-E7BF296E14AD}.Release|Any CPU.Build.0 = Release|Any CPU
		{8EE250E4-3C32-4C54-8455-A08C43434385}.Debug|Any CPU.ActiveCfg = Debug|Any CPU
		{8EE250E4-3C32-4C54-8455-A08C43434385}.Debug|Any CPU.Build.0 = Debug|Any CPU
		{8EE250E4-3C32-4C54-8455-A08C43434385}.Release|Any CPU.ActiveCfg = Release|Any CPU
		{8EE250E4-3C32-4C54-8455-A08C43434385}.Release|Any CPU.Build.0 = Release|Any CPU
		{2D85C4A4-CA85-4CEF-BF76-68C869849B12}.Debug|Any CPU.ActiveCfg = Debug|Any CPU
		{2D85C4A4-CA85-4CEF-BF76-68C869849B12}.Debug|Any CPU.Build.0 = Debug|Any CPU
		{2D85C4A4-CA85-4CEF-BF76-68C869849B12}.Release|Any CPU.ActiveCfg = Release|Any CPU
		{2D85C4A4-CA85-4CEF-BF76-68C869849B12}.Release|Any CPU.Build.0 = Release|Any CPU
	EndGlobalSection
	GlobalSection(SolutionProperties) = preSolution
		HideSolutionNode = FALSE
	EndGlobalSection
	GlobalSection(ExtensibilityGlobals) = postSolution
		SolutionGuid = {FAC18D2E-DEC0-4FD9-9D99-736B65B49476}
	EndGlobalSection
EndGlobal
