
Microsoft Visual Studio Solution File, Format Version 12.00
# Visual Studio 15
VisualStudioVersion = 15.0.27428.2011
MinimumVisualStudioVersion = 10.0.40219.1
Project("{9A19103F-16F7-4668-BE54-9A1E7A4F7556}") = "Box", "Box\Box.csproj", "{857EC9E3-6ECC-4B8E-B09C-BB57AFF2F388}"
EndProject
Project("{FAE04EC0-301F-11D3-BF4B-00C04F79EFBC}") = "ArrayCreator", "ArrayCreator\ArrayCreator.csproj", "{37AAB831-A1EA-40D5-B7F9-E91C99B6B2AC}"
EndProject
Project("{FAE04EC0-301F-11D3-BF4B-00C04F79EFBC}") = "Scale", "Scale\Scale.csproj", "{F623D436-B077-403B-90A2-321A6D6E48E5}"
EndProject
Global
	GlobalSection(SolutionConfigurationPlatforms) = preSolution
		Debug|Any CPU = Debug|Any CPU
		Release|Any CPU = Release|Any CPU
	EndGlobalSection
	GlobalSection(ProjectConfigurationPlatforms) = postSolution
		{857EC9E3-6ECC-4B8E-B09C-BB57AFF2F388}.Debug|Any CPU.ActiveCfg = Debug|Any CPU
		{857EC9E3-6ECC-4B8E-B09C-BB57AFF2F388}.Debug|Any CPU.Build.0 = Debug|Any CPU
		{857EC9E3-6ECC-4B8E-B09C-BB57AFF2F388}.Release|Any CPU.ActiveCfg = Release|Any CPU
		{857EC9E3-6ECC-4B8E-B09C-BB57AFF2F388}.Release|Any CPU.Build.0 = Release|Any CPU
		{37AAB831-A1EA-40D5-B7F9-E91C99B6B2AC}.Debug|Any CPU.ActiveCfg = Debug|Any CPU
		{37AAB831-A1EA-40D5-B7F9-E91C99B6B2AC}.Debug|Any CPU.Build.0 = Debug|Any CPU
		{37AAB831-A1EA-40D5-B7F9-E91C99B6B2AC}.Release|Any CPU.ActiveCfg = Release|Any CPU
		{37AAB831-A1EA-40D5-B7F9-E91C99B6B2AC}.Release|Any CPU.Build.0 = Release|Any CPU
		{F623D436-B077-403B-90A2-321A6D6E48E5}.Debug|Any CPU.ActiveCfg = Debug|Any CPU
		{F623D436-B077-403B-90A2-321A6D6E48E5}.Debug|Any CPU.Build.0 = Debug|Any CPU
		{F623D436-B077-403B-90A2-321A6D6E48E5}.Release|Any CPU.ActiveCfg = Release|Any CPU
		{F623D436-B077-403B-90A2-321A6D6E48E5}.Release|Any CPU.Build.0 = Release|Any CPU
	EndGlobalSection
	GlobalSection(SolutionProperties) = preSolution
		HideSolutionNode = FALSE
	EndGlobalSection
	GlobalSection(ExtensibilityGlobals) = postSolution
		SolutionGuid = {41CA553F-4519-469F-B33F-433C67FC463D}
	EndGlobalSection
EndGlobal
