
Microsoft Visual Studio Solution File, Format Version 12.00
# Visual Studio 15
VisualStudioVersion = 15.0.27130.2026
MinimumVisualStudioVersion = 10.0.40219.1
Project("{9A19103F-16F7-4668-BE54-9A1E7A4F7556}") = "Persons", "Persons\Persons.csproj", "{A187A22C-FAAA-46C4-8D97-D23FC1D5D2EA}"
EndProject
Project("{FAE04EC0-301F-11D3-BF4B-00C04F79EFBC}") = "Salary", "Salary\Salary.csproj", "{ECCC8520-4243-4CFF-9CBC-79F2A3605A2E}"
EndProject
Project("{FAE04EC0-301F-11D3-BF4B-00C04F79EFBC}") = "Validation", "Validation\Validation.csproj", "{ED2A2504-FB76-4D26-8CCE-7972D81233C6}"
EndProject
Project("{FAE04EC0-301F-11D3-BF4B-00C04F79EFBC}") = "Team", "Team\Team.csproj", "{1139F53C-ACDE-4B72-B7DB-7C75638ADE5E}"
EndProject
Global
	GlobalSection(SolutionConfigurationPlatforms) = preSolution
		Debug|Any CPU = Debug|Any CPU
		Release|Any CPU = Release|Any CPU
	EndGlobalSection
	GlobalSection(ProjectConfigurationPlatforms) = postSolution
		{A187A22C-FAAA-46C4-8D97-D23FC1D5D2EA}.Debug|Any CPU.ActiveCfg = Debug|Any CPU
		{A187A22C-FAAA-46C4-8D97-D23FC1D5D2EA}.Debug|Any CPU.Build.0 = Debug|Any CPU
		{A187A22C-FAAA-46C4-8D97-D23FC1D5D2EA}.Release|Any CPU.ActiveCfg = Release|Any CPU
		{A187A22C-FAAA-46C4-8D97-D23FC1D5D2EA}.Release|Any CPU.Build.0 = Release|Any CPU
		{ECCC8520-4243-4CFF-9CBC-79F2A3605A2E}.Debug|Any CPU.ActiveCfg = Debug|Any CPU
		{ECCC8520-4243-4CFF-9CBC-79F2A3605A2E}.Debug|Any CPU.Build.0 = Debug|Any CPU
		{ECCC8520-4243-4CFF-9CBC-79F2A3605A2E}.Release|Any CPU.ActiveCfg = Release|Any CPU
		{ECCC8520-4243-4CFF-9CBC-79F2A3605A2E}.Release|Any CPU.Build.0 = Release|Any CPU
		{ED2A2504-FB76-4D26-8CCE-7972D81233C6}.Debug|Any CPU.ActiveCfg = Debug|Any CPU
		{ED2A2504-FB76-4D26-8CCE-7972D81233C6}.Debug|Any CPU.Build.0 = Debug|Any CPU
		{ED2A2504-FB76-4D26-8CCE-7972D81233C6}.Release|Any CPU.ActiveCfg = Release|Any CPU
		{ED2A2504-FB76-4D26-8CCE-7972D81233C6}.Release|Any CPU.Build.0 = Release|Any CPU
		{1139F53C-ACDE-4B72-B7DB-7C75638ADE5E}.Debug|Any CPU.ActiveCfg = Debug|Any CPU
		{1139F53C-ACDE-4B72-B7DB-7C75638ADE5E}.Debug|Any CPU.Build.0 = Debug|Any CPU
		{1139F53C-ACDE-4B72-B7DB-7C75638ADE5E}.Release|Any CPU.ActiveCfg = Release|Any CPU
		{1139F53C-ACDE-4B72-B7DB-7C75638ADE5E}.Release|Any CPU.Build.0 = Release|Any CPU
	EndGlobalSection
	GlobalSection(SolutionProperties) = preSolution
		HideSolutionNode = FALSE
	EndGlobalSection
	GlobalSection(ExtensibilityGlobals) = postSolution
		SolutionGuid = {210AF3F5-F742-4504-92A0-9E18FA359C78}
	EndGlobalSection
EndGlobal
