
Microsoft Visual Studio Solution File, Format Version 12.00
# Visual Studio 15
VisualStudioVersion = 15.0.27703.2047
MinimumVisualStudioVersion = 10.0.40219.1
Project("{9A19103F-16F7-4668-BE54-9A1E7A4F7556}") = "SIS.HTTP", "SIS.HTTP\SIS.HTTP.csproj", "{3DECECF1-F30E-4BA3-ACF6-D8F5FD91ECF4}"
EndProject
Project("{9A19103F-16F7-4668-BE54-9A1E7A4F7556}") = "SIS.WebServer", "SIS.WebServer\SIS.WebServer.csproj", "{A7911D0A-ECA5-4D53-94B2-B10F303EA9E7}"
EndProject
Project("{9A19103F-16F7-4668-BE54-9A1E7A4F7556}") = "SIS.Framework", "SIS.Framework\SIS.Framework.csproj", "{B993BA0A-9BAE-44CE-8017-463174EC6847}"
EndProject
Project("{2150E333-8FDC-42A3-9474-1A3956D46DE8}") = "App", "App", "{5343BAF4-FD7D-44EB-AC56-034A6091CB7B}"
EndProject
Project("{9A19103F-16F7-4668-BE54-9A1E7A4F7556}") = "SIS.Demo", "SIS.Demo\SIS.Demo.csproj", "{AA73EE20-6859-485F-AE2E-356F0CC2B6A8}"
EndProject
Project("{2150E333-8FDC-42A3-9474-1A3956D46DE8}") = "IRunes", "IRunes", "{86138DFD-5F76-46E4-80E6-873D9FF8E2DB}"
EndProject
Project("{9A19103F-16F7-4668-BE54-9A1E7A4F7556}") = "IRunes.App", "IRunes\IRunes.App\IRunes.App.csproj", "{D0CACA2D-51E1-4BE1-BD81-7FA03358383D}"
EndProject
Project("{9A19103F-16F7-4668-BE54-9A1E7A4F7556}") = "IRunes.Data", "IRunes\IRunes.Data\IRunes.Data.csproj", "{1C8FDE6A-4BEE-43F4-8D55-A74B57D276C6}"
EndProject
Project("{9A19103F-16F7-4668-BE54-9A1E7A4F7556}") = "IRunes.Services", "IRunes\IRunes.Services\IRunes.Services.csproj", "{8B2DF6AF-DAA1-4539-BDD0-1EEDF3AB916D}"
EndProject
Project("{9A19103F-16F7-4668-BE54-9A1E7A4F7556}") = "IRunes.Models", "IRunes\IRunes.Models\IRunes.Models.csproj", "{2073E929-5F61-4164-879B-00CB6D72223F}"
EndProject
Global
	GlobalSection(SolutionConfigurationPlatforms) = preSolution
		Debug|Any CPU = Debug|Any CPU
		Release|Any CPU = Release|Any CPU
	EndGlobalSection
	GlobalSection(ProjectConfigurationPlatforms) = postSolution
		{3DECECF1-F30E-4BA3-ACF6-D8F5FD91ECF4}.Debug|Any CPU.ActiveCfg = Debug|Any CPU
		{3DECECF1-F30E-4BA3-ACF6-D8F5FD91ECF4}.Debug|Any CPU.Build.0 = Debug|Any CPU
		{3DECECF1-F30E-4BA3-ACF6-D8F5FD91ECF4}.Release|Any CPU.ActiveCfg = Release|Any CPU
		{3DECECF1-F30E-4BA3-ACF6-D8F5FD91ECF4}.Release|Any CPU.Build.0 = Release|Any CPU
		{A7911D0A-ECA5-4D53-94B2-B10F303EA9E7}.Debug|Any CPU.ActiveCfg = Debug|Any CPU
		{A7911D0A-ECA5-4D53-94B2-B10F303EA9E7}.Debug|Any CPU.Build.0 = Debug|Any CPU
		{A7911D0A-ECA5-4D53-94B2-B10F303EA9E7}.Release|Any CPU.ActiveCfg = Release|Any CPU
		{A7911D0A-ECA5-4D53-94B2-B10F303EA9E7}.Release|Any CPU.Build.0 = Release|Any CPU
		{B993BA0A-9BAE-44CE-8017-463174EC6847}.Debug|Any CPU.ActiveCfg = Debug|Any CPU
		{B993BA0A-9BAE-44CE-8017-463174EC6847}.Debug|Any CPU.Build.0 = Debug|Any CPU
		{B993BA0A-9BAE-44CE-8017-463174EC6847}.Release|Any CPU.ActiveCfg = Release|Any CPU
		{B993BA0A-9BAE-44CE-8017-463174EC6847}.Release|Any CPU.Build.0 = Release|Any CPU
		{AA73EE20-6859-485F-AE2E-356F0CC2B6A8}.Debug|Any CPU.ActiveCfg = Debug|Any CPU
		{AA73EE20-6859-485F-AE2E-356F0CC2B6A8}.Debug|Any CPU.Build.0 = Debug|Any CPU
		{AA73EE20-6859-485F-AE2E-356F0CC2B6A8}.Release|Any CPU.ActiveCfg = Release|Any CPU
		{AA73EE20-6859-485F-AE2E-356F0CC2B6A8}.Release|Any CPU.Build.0 = Release|Any CPU
		{D0CACA2D-51E1-4BE1-BD81-7FA03358383D}.Debug|Any CPU.ActiveCfg = Debug|Any CPU
		{D0CACA2D-51E1-4BE1-BD81-7FA03358383D}.Debug|Any CPU.Build.0 = Debug|Any CPU
		{D0CACA2D-51E1-4BE1-BD81-7FA03358383D}.Release|Any CPU.ActiveCfg = Release|Any CPU
		{D0CACA2D-51E1-4BE1-BD81-7FA03358383D}.Release|Any CPU.Build.0 = Release|Any CPU
		{1C8FDE6A-4BEE-43F4-8D55-A74B57D276C6}.Debug|Any CPU.ActiveCfg = Debug|Any CPU
		{1C8FDE6A-4BEE-43F4-8D55-A74B57D276C6}.Debug|Any CPU.Build.0 = Debug|Any CPU
		{1C8FDE6A-4BEE-43F4-8D55-A74B57D276C6}.Release|Any CPU.ActiveCfg = Release|Any CPU
		{1C8FDE6A-4BEE-43F4-8D55-A74B57D276C6}.Release|Any CPU.Build.0 = Release|Any CPU
		{8B2DF6AF-DAA1-4539-BDD0-1EEDF3AB916D}.Debug|Any CPU.ActiveCfg = Debug|Any CPU
		{8B2DF6AF-DAA1-4539-BDD0-1EEDF3AB916D}.Debug|Any CPU.Build.0 = Debug|Any CPU
		{8B2DF6AF-DAA1-4539-BDD0-1EEDF3AB916D}.Release|Any CPU.ActiveCfg = Release|Any CPU
		{8B2DF6AF-DAA1-4539-BDD0-1EEDF3AB916D}.Release|Any CPU.Build.0 = Release|Any CPU
		{2073E929-5F61-4164-879B-00CB6D72223F}.Debug|Any CPU.ActiveCfg = Debug|Any CPU
		{2073E929-5F61-4164-879B-00CB6D72223F}.Debug|Any CPU.Build.0 = Debug|Any CPU
		{2073E929-5F61-4164-879B-00CB6D72223F}.Release|Any CPU.ActiveCfg = Release|Any CPU
		{2073E929-5F61-4164-879B-00CB6D72223F}.Release|Any CPU.Build.0 = Release|Any CPU
	EndGlobalSection
	GlobalSection(SolutionProperties) = preSolution
		HideSolutionNode = FALSE
	EndGlobalSection
	GlobalSection(NestedProjects) = preSolution
		{AA73EE20-6859-485F-AE2E-356F0CC2B6A8} = {5343BAF4-FD7D-44EB-AC56-034A6091CB7B}
		{86138DFD-5F76-46E4-80E6-873D9FF8E2DB} = {5343BAF4-FD7D-44EB-AC56-034A6091CB7B}
		{D0CACA2D-51E1-4BE1-BD81-7FA03358383D} = {86138DFD-5F76-46E4-80E6-873D9FF8E2DB}
		{1C8FDE6A-4BEE-43F4-8D55-A74B57D276C6} = {86138DFD-5F76-46E4-80E6-873D9FF8E2DB}
		{8B2DF6AF-DAA1-4539-BDD0-1EEDF3AB916D} = {86138DFD-5F76-46E4-80E6-873D9FF8E2DB}
		{2073E929-5F61-4164-879B-00CB6D72223F} = {86138DFD-5F76-46E4-80E6-873D9FF8E2DB}
	EndGlobalSection
	GlobalSection(ExtensibilityGlobals) = postSolution
		SolutionGuid = {828F65E2-679D-4716-96CA-78C069A2B4C1}
	EndGlobalSection
EndGlobal
