
Microsoft Visual Studio Solution File, Format Version 12.00
# Visual Studio 15
VisualStudioVersion = 15.0.27428.2015
MinimumVisualStudioVersion = 10.0.40219.1
Project("{9A19103F-16F7-4668-BE54-9A1E7A4F7556}") = "Database", "Database\Database.csproj", "{4C32665A-B830-4295-B563-763AA2567FE7}"
EndProject
Project("{9A19103F-16F7-4668-BE54-9A1E7A4F7556}") = "Database.Tests", "Database.Tests\Database.Tests.csproj", "{2F5138B1-E0C1-487D-AFD8-C00D055B469D}"
EndProject
Project("{FAE04EC0-301F-11D3-BF4B-00C04F79EFBC}") = "Iterator", "Iterator\Iterator.csproj", "{8CEA3E93-8DE8-49D1-81B8-88EC6C0EC18C}"
EndProject
Project("{FAE04EC0-301F-11D3-BF4B-00C04F79EFBC}") = "Iterator.Tests", "Iterator.Tests\Iterator.Tests.csproj", "{75BF83CE-0D0B-4CCC-B463-900C8E6BCE0A}"
EndProject
Project("{FAE04EC0-301F-11D3-BF4B-00C04F79EFBC}") = "BubbleSort", "BubbleSort\BubbleSort.csproj", "{2FC23D96-8403-47D1-ACD6-9F608BA217AE}"
EndProject
Project("{FAE04EC0-301F-11D3-BF4B-00C04F79EFBC}") = "BubbleSort.Tests", "BubbleSort.Tests\BubbleSort.Tests.csproj", "{49374977-31CE-4039-9550-C99F680F5C75}"
EndProject
Global
	GlobalSection(SolutionConfigurationPlatforms) = preSolution
		Debug|Any CPU = Debug|Any CPU
		Release|Any CPU = Release|Any CPU
	EndGlobalSection
	GlobalSection(ProjectConfigurationPlatforms) = postSolution
		{4C32665A-B830-4295-B563-763AA2567FE7}.Debug|Any CPU.ActiveCfg = Debug|Any CPU
		{4C32665A-B830-4295-B563-763AA2567FE7}.Debug|Any CPU.Build.0 = Debug|Any CPU
		{4C32665A-B830-4295-B563-763AA2567FE7}.Release|Any CPU.ActiveCfg = Release|Any CPU
		{4C32665A-B830-4295-B563-763AA2567FE7}.Release|Any CPU.Build.0 = Release|Any CPU
		{2F5138B1-E0C1-487D-AFD8-C00D055B469D}.Debug|Any CPU.ActiveCfg = Debug|Any CPU
		{2F5138B1-E0C1-487D-AFD8-C00D055B469D}.Debug|Any CPU.Build.0 = Debug|Any CPU
		{2F5138B1-E0C1-487D-AFD8-C00D055B469D}.Release|Any CPU.ActiveCfg = Release|Any CPU
		{2F5138B1-E0C1-487D-AFD8-C00D055B469D}.Release|Any CPU.Build.0 = Release|Any CPU
		{8CEA3E93-8DE8-49D1-81B8-88EC6C0EC18C}.Debug|Any CPU.ActiveCfg = Debug|Any CPU
		{8CEA3E93-8DE8-49D1-81B8-88EC6C0EC18C}.Debug|Any CPU.Build.0 = Debug|Any CPU
		{8CEA3E93-8DE8-49D1-81B8-88EC6C0EC18C}.Release|Any CPU.ActiveCfg = Release|Any CPU
		{8CEA3E93-8DE8-49D1-81B8-88EC6C0EC18C}.Release|Any CPU.Build.0 = Release|Any CPU
		{75BF83CE-0D0B-4CCC-B463-900C8E6BCE0A}.Debug|Any CPU.ActiveCfg = Debug|Any CPU
		{75BF83CE-0D0B-4CCC-B463-900C8E6BCE0A}.Debug|Any CPU.Build.0 = Debug|Any CPU
		{75BF83CE-0D0B-4CCC-B463-900C8E6BCE0A}.Release|Any CPU.ActiveCfg = Release|Any CPU
		{75BF83CE-0D0B-4CCC-B463-900C8E6BCE0A}.Release|Any CPU.Build.0 = Release|Any CPU
		{2FC23D96-8403-47D1-ACD6-9F608BA217AE}.Debug|Any CPU.ActiveCfg = Debug|Any CPU
		{2FC23D96-8403-47D1-ACD6-9F608BA217AE}.Debug|Any CPU.Build.0 = Debug|Any CPU
		{2FC23D96-8403-47D1-ACD6-9F608BA217AE}.Release|Any CPU.ActiveCfg = Release|Any CPU
		{2FC23D96-8403-47D1-ACD6-9F608BA217AE}.Release|Any CPU.Build.0 = Release|Any CPU
		{49374977-31CE-4039-9550-C99F680F5C75}.Debug|Any CPU.ActiveCfg = Debug|Any CPU
		{49374977-31CE-4039-9550-C99F680F5C75}.Debug|Any CPU.Build.0 = Debug|Any CPU
		{49374977-31CE-4039-9550-C99F680F5C75}.Release|Any CPU.ActiveCfg = Release|Any CPU
		{49374977-31CE-4039-9550-C99F680F5C75}.Release|Any CPU.Build.0 = Release|Any CPU
	EndGlobalSection
	GlobalSection(SolutionProperties) = preSolution
		HideSolutionNode = FALSE
	EndGlobalSection
	GlobalSection(ExtensibilityGlobals) = postSolution
		SolutionGuid = {19C923EE-3F15-45FF-8EF5-3E4093F5F766}
	EndGlobalSection
EndGlobal
