
Microsoft Visual Studio Solution File, Format Version 12.00
# Visual Studio 15
VisualStudioVersion = 15.0.27004.2005
MinimumVisualStudioVersion = 10.0.40219.1
Project("{FAE04EC0-301F-11D3-BF4B-00C04F79EFBC}") = "HornetWings", "HornetWings\HornetWings.csproj", "{B83C6C7B-E81B-4EEE-ADC2-E66EC9190548}"
EndProject
Project("{FAE04EC0-301F-11D3-BF4B-00C04F79EFBC}") = "HornetComm", "HornetComm\HornetComm.csproj", "{1302C532-2C74-4772-B5FB-2005AF7BCF7B}"
EndProject
Global
	GlobalSection(SolutionConfigurationPlatforms) = preSolution
		Debug|Any CPU = Debug|Any CPU
		Release|Any CPU = Release|Any CPU
	EndGlobalSection
	GlobalSection(ProjectConfigurationPlatforms) = postSolution
		{B83C6C7B-E81B-4EEE-ADC2-E66EC9190548}.Debug|Any CPU.ActiveCfg = Debug|Any CPU
		{B83C6C7B-E81B-4EEE-ADC2-E66EC9190548}.Debug|Any CPU.Build.0 = Debug|Any CPU
		{B83C6C7B-E81B-4EEE-ADC2-E66EC9190548}.Release|Any CPU.ActiveCfg = Release|Any CPU
		{B83C6C7B-E81B-4EEE-ADC2-E66EC9190548}.Release|Any CPU.Build.0 = Release|Any CPU
		{1302C532-2C74-4772-B5FB-2005AF7BCF7B}.Debug|Any CPU.ActiveCfg = Debug|Any CPU
		{1302C532-2C74-4772-B5FB-2005AF7BCF7B}.Debug|Any CPU.Build.0 = Debug|Any CPU
		{1302C532-2C74-4772-B5FB-2005AF7BCF7B}.Release|Any CPU.ActiveCfg = Release|Any CPU
		{1302C532-2C74-4772-B5FB-2005AF7BCF7B}.Release|Any CPU.Build.0 = Release|Any CPU
	EndGlobalSection
	GlobalSection(SolutionProperties) = preSolution
		HideSolutionNode = FALSE
	EndGlobalSection
	GlobalSection(ExtensibilityGlobals) = postSolution
		SolutionGuid = {5ED98F53-A1F7-4728-8FD6-94D532BC9AC9}
	EndGlobalSection
EndGlobal
