
Microsoft Visual Studio Solution File, Format Version 12.00
# Visual Studio 15
VisualStudioVersion = 15.0.27004.2005
MinimumVisualStudioVersion = 10.0.40219.1
Project("{FAE04EC0-301F-11D3-BF4B-00C04F79EFBC}") = "SoftUniAirline", "SoftUniAirline\SoftUniAirline.csproj", "{7AB2ED0A-625C-4530-A800-2939AEF524E0}"
EndProject
Project("{FAE04EC0-301F-11D3-BF4B-00C04F79EFBC}") = "SoftUniWaterSupplies", "SoftUniWaterSupplies\SoftUniWaterSupplies.csproj", "{6E59867F-B79A-4910-BD8E-A1675FE68B91}"
EndProject
Project("{FAE04EC0-301F-11D3-BF4B-00C04F79EFBC}") = "MatrixOperator", "MatrixOperator\MatrixOperator.csproj", "{F2C32FA1-2158-455E-9F3B-EA62E9B5E9BB}"
EndProject
Project("{FAE04EC0-301F-11D3-BF4B-00C04F79EFBC}") = "SoftUniCoffeeSupplies", "SoftUniCoffeeSupplies\SoftUniCoffeeSupplies.csproj", "{FFB2DA4E-316F-4825-844A-D7C946B95ADB}"
EndProject
Global
	GlobalSection(SolutionConfigurationPlatforms) = preSolution
		Debug|Any CPU = Debug|Any CPU
		Release|Any CPU = Release|Any CPU
	EndGlobalSection
	GlobalSection(ProjectConfigurationPlatforms) = postSolution
		{7AB2ED0A-625C-4530-A800-2939AEF524E0}.Debug|Any CPU.ActiveCfg = Debug|Any CPU
		{7AB2ED0A-625C-4530-A800-2939AEF524E0}.Debug|Any CPU.Build.0 = Debug|Any CPU
		{7AB2ED0A-625C-4530-A800-2939AEF524E0}.Release|Any CPU.ActiveCfg = Release|Any CPU
		{7AB2ED0A-625C-4530-A800-2939AEF524E0}.Release|Any CPU.Build.0 = Release|Any CPU
		{6E59867F-B79A-4910-BD8E-A1675FE68B91}.Debug|Any CPU.ActiveCfg = Debug|Any CPU
		{6E59867F-B79A-4910-BD8E-A1675FE68B91}.Debug|Any CPU.Build.0 = Debug|Any CPU
		{6E59867F-B79A-4910-BD8E-A1675FE68B91}.Release|Any CPU.ActiveCfg = Release|Any CPU
		{6E59867F-B79A-4910-BD8E-A1675FE68B91}.Release|Any CPU.Build.0 = Release|Any CPU
		{F2C32FA1-2158-455E-9F3B-EA62E9B5E9BB}.Debug|Any CPU.ActiveCfg = Debug|Any CPU
		{F2C32FA1-2158-455E-9F3B-EA62E9B5E9BB}.Debug|Any CPU.Build.0 = Debug|Any CPU
		{F2C32FA1-2158-455E-9F3B-EA62E9B5E9BB}.Release|Any CPU.ActiveCfg = Release|Any CPU
		{F2C32FA1-2158-455E-9F3B-EA62E9B5E9BB}.Release|Any CPU.Build.0 = Release|Any CPU
		{FFB2DA4E-316F-4825-844A-D7C946B95ADB}.Debug|Any CPU.ActiveCfg = Debug|Any CPU
		{FFB2DA4E-316F-4825-844A-D7C946B95ADB}.Debug|Any CPU.Build.0 = Debug|Any CPU
		{FFB2DA4E-316F-4825-844A-D7C946B95ADB}.Release|Any CPU.ActiveCfg = Release|Any CPU
		{FFB2DA4E-316F-4825-844A-D7C946B95ADB}.Release|Any CPU.Build.0 = Release|Any CPU
	EndGlobalSection
	GlobalSection(SolutionProperties) = preSolution
		HideSolutionNode = FALSE
	EndGlobalSection
	GlobalSection(ExtensibilityGlobals) = postSolution
		SolutionGuid = {297CC8D5-085A-489B-A1EC-4CC466306C26}
	EndGlobalSection
EndGlobal
