
Microsoft Visual Studio Solution File, Format Version 12.00
# Visual Studio 15
VisualStudioVersion = 15.0.26730.15
MinimumVisualStudioVersion = 10.0.40219.1
Project("{FAE04EC0-301F-11D3-BF4B-00C04F79EFBC}") = "01. Debit Card Number", "01. Debit Card Number\01. Debit Card Number.csproj", "{567BFF17-526F-413F-89B1-4A9AD4E625C3}"
EndProject
Project("{FAE04EC0-301F-11D3-BF4B-00C04F79EFBC}") = "02. Rectangle Area", "02. Rectangle Area\02. Rectangle Area.csproj", "{2040FDB6-6A6F-441A-815E-327747276E86}"
EndProject
Project("{FAE04EC0-301F-11D3-BF4B-00C04F79EFBC}") = "03. Miles to Kilometers", "03. Miles to Kilometers\03. Miles to Kilometers.csproj", "{4E0DA734-C4F7-4F04-9ABC-913CEE9C2721}"
EndProject
Project("{FAE04EC0-301F-11D3-BF4B-00C04F79EFBC}") = "04. Beverage Labels", "04. Beverage Labels\04. Beverage Labels.csproj", "{8300B619-B107-4231-BF34-C7A56B49AF91}"
EndProject
Project("{FAE04EC0-301F-11D3-BF4B-00C04F79EFBC}") = "05. Character Stats", "05. Character Stats\05. Character Stats.csproj", "{AE7B536A-49E2-4B56-A8BE-2DFF02384467}"
EndProject
Global
	GlobalSection(SolutionConfigurationPlatforms) = preSolution
		Debug|Any CPU = Debug|Any CPU
		Release|Any CPU = Release|Any CPU
	EndGlobalSection
	GlobalSection(ProjectConfigurationPlatforms) = postSolution
		{567BFF17-526F-413F-89B1-4A9AD4E625C3}.Debug|Any CPU.ActiveCfg = Debug|Any CPU
		{567BFF17-526F-413F-89B1-4A9AD4E625C3}.Debug|Any CPU.Build.0 = Debug|Any CPU
		{567BFF17-526F-413F-89B1-4A9AD4E625C3}.Release|Any CPU.ActiveCfg = Release|Any CPU
		{567BFF17-526F-413F-89B1-4A9AD4E625C3}.Release|Any CPU.Build.0 = Release|Any CPU
		{2040FDB6-6A6F-441A-815E-327747276E86}.Debug|Any CPU.ActiveCfg = Debug|Any CPU
		{2040FDB6-6A6F-441A-815E-327747276E86}.Debug|Any CPU.Build.0 = Debug|Any CPU
		{2040FDB6-6A6F-441A-815E-327747276E86}.Release|Any CPU.ActiveCfg = Release|Any CPU
		{2040FDB6-6A6F-441A-815E-327747276E86}.Release|Any CPU.Build.0 = Release|Any CPU
		{4E0DA734-C4F7-4F04-9ABC-913CEE9C2721}.Debug|Any CPU.ActiveCfg = Debug|Any CPU
		{4E0DA734-C4F7-4F04-9ABC-913CEE9C2721}.Debug|Any CPU.Build.0 = Debug|Any CPU
		{4E0DA734-C4F7-4F04-9ABC-913CEE9C2721}.Release|Any CPU.ActiveCfg = Release|Any CPU
		{4E0DA734-C4F7-4F04-9ABC-913CEE9C2721}.Release|Any CPU.Build.0 = Release|Any CPU
		{8300B619-B107-4231-BF34-C7A56B49AF91}.Debug|Any CPU.ActiveCfg = Debug|Any CPU
		{8300B619-B107-4231-BF34-C7A56B49AF91}.Debug|Any CPU.Build.0 = Debug|Any CPU
		{8300B619-B107-4231-BF34-C7A56B49AF91}.Release|Any CPU.ActiveCfg = Release|Any CPU
		{8300B619-B107-4231-BF34-C7A56B49AF91}.Release|Any CPU.Build.0 = Release|Any CPU
		{AE7B536A-49E2-4B56-A8BE-2DFF02384467}.Debug|Any CPU.ActiveCfg = Debug|Any CPU
		{AE7B536A-49E2-4B56-A8BE-2DFF02384467}.Debug|Any CPU.Build.0 = Debug|Any CPU
		{AE7B536A-49E2-4B56-A8BE-2DFF02384467}.Release|Any CPU.ActiveCfg = Release|Any CPU
		{AE7B536A-49E2-4B56-A8BE-2DFF02384467}.Release|Any CPU.Build.0 = Release|Any CPU
	EndGlobalSection
	GlobalSection(SolutionProperties) = preSolution
		HideSolutionNode = FALSE
	EndGlobalSection
	GlobalSection(ExtensibilityGlobals) = postSolution
		SolutionGuid = {1331DCC0-76C0-4840-9BB9-DDFB89B60A70}
	EndGlobalSection
EndGlobal
