
Microsoft Visual Studio Solution File, Format Version 12.00
# Visual Studio 15
VisualStudioVersion = 15.0.27428.2011
MinimumVisualStudioVersion = 10.0.40219.1
Project("{9A19103F-16F7-4668-BE54-9A1E7A4F7556}") = "GenericBox", "Generic Box\GenericBox.csproj", "{2EFAF63B-2C84-49CC-B8D7-6C9296369116}"
EndProject
Project("{FAE04EC0-301F-11D3-BF4B-00C04F79EFBC}") = "CustomList", "CustomList\CustomList.csproj", "{8CD1CCBA-3700-4C74-B68B-F91F4882A29B}"
EndProject
Project("{FAE04EC0-301F-11D3-BF4B-00C04F79EFBC}") = "Tuple", "Tuple\Tuple.csproj", "{FBA26841-2B1E-4F5A-ABBA-769961F68095}"
EndProject
Global
	GlobalSection(SolutionConfigurationPlatforms) = preSolution
		Debug|Any CPU = Debug|Any CPU
		Release|Any CPU = Release|Any CPU
	EndGlobalSection
	GlobalSection(ProjectConfigurationPlatforms) = postSolution
		{2EFAF63B-2C84-49CC-B8D7-6C9296369116}.Debug|Any CPU.ActiveCfg = Debug|Any CPU
		{2EFAF63B-2C84-49CC-B8D7-6C9296369116}.Debug|Any CPU.Build.0 = Debug|Any CPU
		{2EFAF63B-2C84-49CC-B8D7-6C9296369116}.Release|Any CPU.ActiveCfg = Release|Any CPU
		{2EFAF63B-2C84-49CC-B8D7-6C9296369116}.Release|Any CPU.Build.0 = Release|Any CPU
		{8CD1CCBA-3700-4C74-B68B-F91F4882A29B}.Debug|Any CPU.ActiveCfg = Debug|Any CPU
		{8CD1CCBA-3700-4C74-B68B-F91F4882A29B}.Debug|Any CPU.Build.0 = Debug|Any CPU
		{8CD1CCBA-3700-4C74-B68B-F91F4882A29B}.Release|Any CPU.ActiveCfg = Release|Any CPU
		{8CD1CCBA-3700-4C74-B68B-F91F4882A29B}.Release|Any CPU.Build.0 = Release|Any CPU
		{FBA26841-2B1E-4F5A-ABBA-769961F68095}.Debug|Any CPU.ActiveCfg = Debug|Any CPU
		{FBA26841-2B1E-4F5A-ABBA-769961F68095}.Debug|Any CPU.Build.0 = Debug|Any CPU
		{FBA26841-2B1E-4F5A-ABBA-769961F68095}.Release|Any CPU.ActiveCfg = Release|Any CPU
		{FBA26841-2B1E-4F5A-ABBA-769961F68095}.Release|Any CPU.Build.0 = Release|Any CPU
	EndGlobalSection
	GlobalSection(SolutionProperties) = preSolution
		HideSolutionNode = FALSE
	EndGlobalSection
	GlobalSection(ExtensibilityGlobals) = postSolution
		SolutionGuid = {52C4FF48-70AE-4C9D-B945-46CCCA1E33CA}
	EndGlobalSection
EndGlobal
