
Microsoft Visual Studio Solution File, Format Version 12.00
# Visual Studio 15
VisualStudioVersion = 15.0.26730.16
MinimumVisualStudioVersion = 10.0.40219.1
Project("{FAE04EC0-301F-11D3-BF4B-00C04F79EFBC}") = "01. X", "01. X\01. X.csproj", "{9319E1EA-4C5E-4F23-B7CC-2FFE050C5A7E}"
EndProject
Project("{FAE04EC0-301F-11D3-BF4B-00C04F79EFBC}") = "02. Vapor Store", "02. Vapor Store\02. Vapor Store.csproj", "{14F88689-2DDA-434A-AA3D-09A04AFCE0C6}"
EndProject
Project("{FAE04EC0-301F-11D3-BF4B-00C04F79EFBC}") = "03. Megapixels", "03. Megapixels\03. Megapixels.csproj", "{89113055-8470-43EC-98F3-85326725B916}"
EndProject
Project("{FAE04EC0-301F-11D3-BF4B-00C04F79EFBC}") = "04. Photo Gallery", "04. Photo Gallery\04. Photo Gallery.csproj", "{4C00F9F5-9BD4-4DBA-8391-357CF6487EBA}"
EndProject
Project("{FAE04EC0-301F-11D3-BF4B-00C04F79EFBC}") = "05. BPM Counter", "05. BPM Counter\05. BPM Counter.csproj", "{EA96317C-1535-4534-908D-B0B9FA716244}"
EndProject
Project("{FAE04EC0-301F-11D3-BF4B-00C04F79EFBC}") = "06. DNA Sequences", "06. DNA Sequences\06. DNA Sequences.csproj", "{B64B76D7-05F3-458D-AE07-AB7763135B46}"
EndProject
Project("{FAE04EC0-301F-11D3-BF4B-00C04F79EFBC}") = "07. Training Hall Equipment", "07. Training Hall Equipment\07. Training Hall Equipment.csproj", "{6632621C-17EC-40E9-8332-DEA88AB18890}"
EndProject
Project("{FAE04EC0-301F-11D3-BF4B-00C04F79EFBC}") = "08. SMS Typing", "08. SMS Typing\08. SMS Typing.csproj", "{2AB5A3D4-4170-49F6-B5B7-60E9BE5E189D}"
EndProject
Global
	GlobalSection(SolutionConfigurationPlatforms) = preSolution
		Debug|Any CPU = Debug|Any CPU
		Release|Any CPU = Release|Any CPU
	EndGlobalSection
	GlobalSection(ProjectConfigurationPlatforms) = postSolution
		{9319E1EA-4C5E-4F23-B7CC-2FFE050C5A7E}.Debug|Any CPU.ActiveCfg = Debug|Any CPU
		{9319E1EA-4C5E-4F23-B7CC-2FFE050C5A7E}.Debug|Any CPU.Build.0 = Debug|Any CPU
		{9319E1EA-4C5E-4F23-B7CC-2FFE050C5A7E}.Release|Any CPU.ActiveCfg = Release|Any CPU
		{9319E1EA-4C5E-4F23-B7CC-2FFE050C5A7E}.Release|Any CPU.Build.0 = Release|Any CPU
		{14F88689-2DDA-434A-AA3D-09A04AFCE0C6}.Debug|Any CPU.ActiveCfg = Debug|Any CPU
		{14F88689-2DDA-434A-AA3D-09A04AFCE0C6}.Debug|Any CPU.Build.0 = Debug|Any CPU
		{14F88689-2DDA-434A-AA3D-09A04AFCE0C6}.Release|Any CPU.ActiveCfg = Release|Any CPU
		{14F88689-2DDA-434A-AA3D-09A04AFCE0C6}.Release|Any CPU.Build.0 = Release|Any CPU
		{89113055-8470-43EC-98F3-85326725B916}.Debug|Any CPU.ActiveCfg = Debug|Any CPU
		{89113055-8470-43EC-98F3-85326725B916}.Debug|Any CPU.Build.0 = Debug|Any CPU
		{89113055-8470-43EC-98F3-85326725B916}.Release|Any CPU.ActiveCfg = Release|Any CPU
		{89113055-8470-43EC-98F3-85326725B916}.Release|Any CPU.Build.0 = Release|Any CPU
		{4C00F9F5-9BD4-4DBA-8391-357CF6487EBA}.Debug|Any CPU.ActiveCfg = Debug|Any CPU
		{4C00F9F5-9BD4-4DBA-8391-357CF6487EBA}.Debug|Any CPU.Build.0 = Debug|Any CPU
		{4C00F9F5-9BD4-4DBA-8391-357CF6487EBA}.Release|Any CPU.ActiveCfg = Release|Any CPU
		{4C00F9F5-9BD4-4DBA-8391-357CF6487EBA}.Release|Any CPU.Build.0 = Release|Any CPU
		{EA96317C-1535-4534-908D-B0B9FA716244}.Debug|Any CPU.ActiveCfg = Debug|Any CPU
		{EA96317C-1535-4534-908D-B0B9FA716244}.Debug|Any CPU.Build.0 = Debug|Any CPU
		{EA96317C-1535-4534-908D-B0B9FA716244}.Release|Any CPU.ActiveCfg = Release|Any CPU
		{EA96317C-1535-4534-908D-B0B9FA716244}.Release|Any CPU.Build.0 = Release|Any CPU
		{B64B76D7-05F3-458D-AE07-AB7763135B46}.Debug|Any CPU.ActiveCfg = Debug|Any CPU
		{B64B76D7-05F3-458D-AE07-AB7763135B46}.Debug|Any CPU.Build.0 = Debug|Any CPU
		{B64B76D7-05F3-458D-AE07-AB7763135B46}.Release|Any CPU.ActiveCfg = Release|Any CPU
		{B64B76D7-05F3-458D-AE07-AB7763135B46}.Release|Any CPU.Build.0 = Release|Any CPU
		{6632621C-17EC-40E9-8332-DEA88AB18890}.Debug|Any CPU.ActiveCfg = Debug|Any CPU
		{6632621C-17EC-40E9-8332-DEA88AB18890}.Debug|Any CPU.Build.0 = Debug|Any CPU
		{6632621C-17EC-40E9-8332-DEA88AB18890}.Release|Any CPU.ActiveCfg = Release|Any CPU
		{6632621C-17EC-40E9-8332-DEA88AB18890}.Release|Any CPU.Build.0 = Release|Any CPU
		{2AB5A3D4-4170-49F6-B5B7-60E9BE5E189D}.Debug|Any CPU.ActiveCfg = Debug|Any CPU
		{2AB5A3D4-4170-49F6-B5B7-60E9BE5E189D}.Debug|Any CPU.Build.0 = Debug|Any CPU
		{2AB5A3D4-4170-49F6-B5B7-60E9BE5E189D}.Release|Any CPU.ActiveCfg = Release|Any CPU
		{2AB5A3D4-4170-49F6-B5B7-60E9BE5E189D}.Release|Any CPU.Build.0 = Release|Any CPU
	EndGlobalSection
	GlobalSection(SolutionProperties) = preSolution
		HideSolutionNode = FALSE
	EndGlobalSection
	GlobalSection(ExtensibilityGlobals) = postSolution
		SolutionGuid = {05AD8988-EC8E-462C-A6B9-E73966BEF847}
	EndGlobalSection
EndGlobal
