
Microsoft Visual Studio Solution File, Format Version 12.00
# Visual Studio 15
VisualStudioVersion = 15.0.27428.2015
MinimumVisualStudioVersion = 10.0.40219.1
Project("{FAE04EC0-301F-11D3-BF4B-00C04F79EFBC}") = "EventImplementation", "EventImplementation\EventImplementation.csproj", "{19072C9C-530D-48D8-81F1-B1C25D1BE16C}"
EndProject
Project("{FAE04EC0-301F-11D3-BF4B-00C04F79EFBC}") = "KingsGambit", "KingsGambit\KingsGambit.csproj", "{4833C488-6432-4348-A3D6-4BFC476C0BEC}"
EndProject
Project("{FAE04EC0-301F-11D3-BF4B-00C04F79EFBC}") = "DependencyInversion", "DependencyInversion\DependencyInversion.csproj", "{190121F4-80FA-4F53-9E01-88DBFB953541}"
EndProject
Global
	GlobalSection(SolutionConfigurationPlatforms) = preSolution
		Debug|Any CPU = Debug|Any CPU
		Release|Any CPU = Release|Any CPU
	EndGlobalSection
	GlobalSection(ProjectConfigurationPlatforms) = postSolution
		{19072C9C-530D-48D8-81F1-B1C25D1BE16C}.Debug|Any CPU.ActiveCfg = Debug|Any CPU
		{19072C9C-530D-48D8-81F1-B1C25D1BE16C}.Debug|Any CPU.Build.0 = Debug|Any CPU
		{19072C9C-530D-48D8-81F1-B1C25D1BE16C}.Release|Any CPU.ActiveCfg = Release|Any CPU
		{19072C9C-530D-48D8-81F1-B1C25D1BE16C}.Release|Any CPU.Build.0 = Release|Any CPU
		{4833C488-6432-4348-A3D6-4BFC476C0BEC}.Debug|Any CPU.ActiveCfg = Debug|Any CPU
		{4833C488-6432-4348-A3D6-4BFC476C0BEC}.Debug|Any CPU.Build.0 = Debug|Any CPU
		{4833C488-6432-4348-A3D6-4BFC476C0BEC}.Release|Any CPU.ActiveCfg = Release|Any CPU
		{4833C488-6432-4348-A3D6-4BFC476C0BEC}.Release|Any CPU.Build.0 = Release|Any CPU
		{190121F4-80FA-4F53-9E01-88DBFB953541}.Debug|Any CPU.ActiveCfg = Debug|Any CPU
		{190121F4-80FA-4F53-9E01-88DBFB953541}.Debug|Any CPU.Build.0 = Debug|Any CPU
		{190121F4-80FA-4F53-9E01-88DBFB953541}.Release|Any CPU.ActiveCfg = Release|Any CPU
		{190121F4-80FA-4F53-9E01-88DBFB953541}.Release|Any CPU.Build.0 = Release|Any CPU
	EndGlobalSection
	GlobalSection(SolutionProperties) = preSolution
		HideSolutionNode = FALSE
	EndGlobalSection
	GlobalSection(ExtensibilityGlobals) = postSolution
		SolutionGuid = {8BBF49E6-847D-49E8-9F5F-A709D15BEF02}
	EndGlobalSection
EndGlobal
